// !$*UTF8*$!
{
	archiveVersion = 1;
	classes = {
	};
	objectVersion = 56;
	objects = {

/* Begin PBXBuildFile section */
		CC45901E2C36BD72002E34F6 /* NotificationView.swift in Sources */ = {isa = PBXBuildFile; fileRef = CC45901D2C36BD72002E34F6 /* NotificationView.swift */; };
		CC4590202C36BDE3002E34F6 /* NotificationController.swift in Sources */ = {isa = PBXBuildFile; fileRef = CC45901F2C36BDE3002E34F6 /* NotificationController.swift */; };
		CC45902B2C36C30D002E34F6 /* ContentView.swift in Sources */ = {isa = PBXBuildFile; fileRef = CC45902A2C36C30D002E34F6 /* ContentView.swift */; };
		CC45902D2C36C30D002E34F6 /* Assets.xcassets in Resources */ = {isa = PBXBuildFile; fileRef = CC45902C2C36C30D002E34F6 /* Assets.xcassets */; };
		CC4590302C36C30D002E34F6 /* Preview Assets.xcassets in Resources */ = {isa = PBXBuildFile; fileRef = CC45902F2C36C30D002E34F6 /* Preview Assets.xcassets */; };
		CC45903B2C36C30D002E34F6 /* MacLandmarksTests.swift in Sources */ = {isa = PBXBuildFile; fileRef = CC45903A2C36C30D002E34F6 /* MacLandmarksTests.swift */; };
		CC4590452C36C30E002E34F6 /* MacLandmarksUITests.swift in Sources */ = {isa = PBXBuildFile; fileRef = CC4590442C36C30E002E34F6 /* MacLandmarksUITests.swift */; };
		CC4590472C36C30E002E34F6 /* MacLandmarksUITestsLaunchTests.swift in Sources */ = {isa = PBXBuildFile; fileRef = CC4590462C36C30E002E34F6 /* MacLandmarksUITestsLaunchTests.swift */; };
		CC4590512C36C42C002E34F6 /* hikeData.json in Resources */ = {isa = PBXBuildFile; fileRef = CCF2F9242C353E730051108C /* hikeData.json */; };
		CC4590522C36C42C002E34F6 /* landmarkData.json in Resources */ = {isa = PBXBuildFile; fileRef = CCD536F22C32C9F800DD80A2 /* landmarkData.json */; };
		CC4590532C36C42C002E34F6 /* LandmarkList.swift in Sources */ = {isa = PBXBuildFile; fileRef = CC9525182C33EB2300F8A5CE /* LandmarkList.swift */; };
		CC4590542C36C42C002E34F6 /* Profile.swift in Sources */ = {isa = PBXBuildFile; fileRef = CCF2F9382C356BD50051108C /* Profile.swift */; };
		CC4590552C36C42C002E34F6 /* Hike.swift in Sources */ = {isa = PBXBuildFile; fileRef = CCF2F9262C353EA00051108C /* Hike.swift */; };
		CC4590562C36C42C002E34F6 /* LandmarkRow.swift in Sources */ = {isa = PBXBuildFile; fileRef = CCD536FB2C32D4F800DD80A2 /* LandmarkRow.swift */; };
		CC4590572C36C42C002E34F6 /* Landmark.swift in Sources */ = {isa = PBXBuildFile; fileRef = CCD536F42C32CA1E00DD80A2 /* Landmark.swift */; };
		CC4590582C36C42C002E34F6 /* CircleImage.swift in Sources */ = {isa = PBXBuildFile; fileRef = CCD536EC2C32A50A00DD80A2 /* CircleImage.swift */; };
		CC4590592C36C42C002E34F6 /* MapView.swift in Sources */ = {isa = PBXBuildFile; fileRef = CCD536EE2C32A7C300DD80A2 /* MapView.swift */; };
		CC45905A2C36C42C002E34F6 /* ModelData.swift in Sources */ = {isa = PBXBuildFile; fileRef = CCD536F62C32CEEE00DD80A2 /* ModelData.swift */; };
		CC45905B2C36C42C002E34F6 /* FavoriteButton.swift in Sources */ = {isa = PBXBuildFile; fileRef = CC95251C2C34191B00F8A5CE /* FavoriteButton.swift */; };
		CC45905C2C36C42C002E34F6 /* LandmarksApp.swift in Sources */ = {isa = PBXBuildFile; fileRef = CC8BFD202C2D75A000A45F6D /* LandmarksApp.swift */; };
		CC45905E2C36C531002E34F6 /* LandmarkDetail.swift in Sources */ = {isa = PBXBuildFile; fileRef = CC45905D2C36C531002E34F6 /* LandmarkDetail.swift */; };
		CC45905F2C36C869002E34F6 /* Assets.xcassets in Resources */ = {isa = PBXBuildFile; fileRef = CC8BFD242C2D75A100A45F6D /* Assets.xcassets */; };
		CC4590612C36CAAC002E34F6 /* LandmarkList.swift in Sources */ = {isa = PBXBuildFile; fileRef = CC4590602C36CAAC002E34F6 /* LandmarkList.swift */; };
		CC8BFD212C2D75A000A45F6D /* LandmarksApp.swift in Sources */ = {isa = PBXBuildFile; fileRef = CC8BFD202C2D75A000A45F6D /* LandmarksApp.swift */; };
		CC8BFD232C2D75A000A45F6D /* ContentView.swift in Sources */ = {isa = PBXBuildFile; fileRef = CC8BFD222C2D75A000A45F6D /* ContentView.swift */; };
		CC8BFD252C2D75A100A45F6D /* Assets.xcassets in Resources */ = {isa = PBXBuildFile; fileRef = CC8BFD242C2D75A100A45F6D /* Assets.xcassets */; };
		CC8BFD282C2D75A100A45F6D /* Preview Assets.xcassets in Resources */ = {isa = PBXBuildFile; fileRef = CC8BFD272C2D75A100A45F6D /* Preview Assets.xcassets */; };
		CC8BFD322C2D75A100A45F6D /* LandmarksTests.swift in Sources */ = {isa = PBXBuildFile; fileRef = CC8BFD312C2D75A100A45F6D /* LandmarksTests.swift */; };
		CC8BFD3C2C2D75A100A45F6D /* LandmarksUITests.swift in Sources */ = {isa = PBXBuildFile; fileRef = CC8BFD3B2C2D75A100A45F6D /* LandmarksUITests.swift */; };
		CC8BFD3E2C2D75A100A45F6D /* LandmarksUITestsLaunchTests.swift in Sources */ = {isa = PBXBuildFile; fileRef = CC8BFD3D2C2D75A100A45F6D /* LandmarksUITestsLaunchTests.swift */; };
		CC9525192C33EB2300F8A5CE /* LandmarkList.swift in Sources */ = {isa = PBXBuildFile; fileRef = CC9525182C33EB2300F8A5CE /* LandmarkList.swift */; };
		CC95251B2C33EEA900F8A5CE /* LandmarkDetail.swift in Sources */ = {isa = PBXBuildFile; fileRef = CC95251A2C33EEA900F8A5CE /* LandmarkDetail.swift */; };
		CC95251D2C34191B00F8A5CE /* FavoriteButton.swift in Sources */ = {isa = PBXBuildFile; fileRef = CC95251C2C34191B00F8A5CE /* FavoriteButton.swift */; };
		CC9525222C352A9000F8A5CE /* BadgeBackground.swift in Sources */ = {isa = PBXBuildFile; fileRef = CC9525212C352A9000F8A5CE /* BadgeBackground.swift */; };
		CC9525262C35356700F8A5CE /* RotatedBadgeSymbol.swift in Sources */ = {isa = PBXBuildFile; fileRef = CC9525252C35356700F8A5CE /* RotatedBadgeSymbol.swift */; };
		CCA7C32A2C36D15C006C0662 /* LandmarkCommands.swift in Sources */ = {isa = PBXBuildFile; fileRef = CCA7C3292C36D15C006C0662 /* LandmarkCommands.swift */; };
		CCA7C32B2C36D16A006C0662 /* LandmarkCommands.swift in Sources */ = {isa = PBXBuildFile; fileRef = CCA7C3292C36D15C006C0662 /* LandmarkCommands.swift */; };
		CCA7C32D2C36DA6E006C0662 /* LandmarkSettings.swift in Sources */ = {isa = PBXBuildFile; fileRef = CCA7C32C2C36DA6E006C0662 /* LandmarkSettings.swift */; };
		CCD536ED2C32A50A00DD80A2 /* CircleImage.swift in Sources */ = {isa = PBXBuildFile; fileRef = CCD536EC2C32A50A00DD80A2 /* CircleImage.swift */; };
		CCD536EF2C32A7C300DD80A2 /* MapView.swift in Sources */ = {isa = PBXBuildFile; fileRef = CCD536EE2C32A7C300DD80A2 /* MapView.swift */; };
		CCD536F32C32C9F800DD80A2 /* landmarkData.json in Resources */ = {isa = PBXBuildFile; fileRef = CCD536F22C32C9F800DD80A2 /* landmarkData.json */; };
		CCD536F52C32CA1E00DD80A2 /* Landmark.swift in Sources */ = {isa = PBXBuildFile; fileRef = CCD536F42C32CA1E00DD80A2 /* Landmark.swift */; };
		CCD536F72C32CEEE00DD80A2 /* ModelData.swift in Sources */ = {isa = PBXBuildFile; fileRef = CCD536F62C32CEEE00DD80A2 /* ModelData.swift */; };
		CCD536FC2C32D4F800DD80A2 /* LandmarkRow.swift in Sources */ = {isa = PBXBuildFile; fileRef = CCD536FB2C32D4F800DD80A2 /* LandmarkRow.swift */; };
		CCF2F9202C3539070051108C /* Badge.swift in Sources */ = {isa = PBXBuildFile; fileRef = CCF2F91D2C3539070051108C /* Badge.swift */; };
		CCF2F9212C3539070051108C /* BadgeSymbol.swift in Sources */ = {isa = PBXBuildFile; fileRef = CCF2F91E2C3539070051108C /* BadgeSymbol.swift */; };
		CCF2F9222C3539070051108C /* HexagonParameters.swift in Sources */ = {isa = PBXBuildFile; fileRef = CCF2F91F2C3539070051108C /* HexagonParameters.swift */; };
		CCF2F9252C353E730051108C /* hikeData.json in Resources */ = {isa = PBXBuildFile; fileRef = CCF2F9242C353E730051108C /* hikeData.json */; };
		CCF2F9272C353EA00051108C /* Hike.swift in Sources */ = {isa = PBXBuildFile; fileRef = CCF2F9262C353EA00051108C /* Hike.swift */; };
		CCF2F92D2C353F1F0051108C /* GraphCapsule.swift in Sources */ = {isa = PBXBuildFile; fileRef = CCF2F9282C353F1F0051108C /* GraphCapsule.swift */; };
		CCF2F92E2C353F1F0051108C /* HikeDetail.swift in Sources */ = {isa = PBXBuildFile; fileRef = CCF2F9292C353F1F0051108C /* HikeDetail.swift */; };
		CCF2F92F2C353F1F0051108C /* HikeGraph.swift in Sources */ = {isa = PBXBuildFile; fileRef = CCF2F92A2C353F1F0051108C /* HikeGraph.swift */; };
		CCF2F9302C353F1F0051108C /* HikeView.swift in Sources */ = {isa = PBXBuildFile; fileRef = CCF2F92B2C353F1F0051108C /* HikeView.swift */; };
		CCF2F9332C3549EE0051108C /* CategoryHome.swift in Sources */ = {isa = PBXBuildFile; fileRef = CCF2F9322C3549EE0051108C /* CategoryHome.swift */; };
		CCF2F9352C354C3F0051108C /* CategoryRow.swift in Sources */ = {isa = PBXBuildFile; fileRef = CCF2F9342C354C3F0051108C /* CategoryRow.swift */; };
		CCF2F9372C354DFF0051108C /* CategoryItem.swift in Sources */ = {isa = PBXBuildFile; fileRef = CCF2F9362C354DFF0051108C /* CategoryItem.swift */; };
		CCF2F9392C356BD50051108C /* Profile.swift in Sources */ = {isa = PBXBuildFile; fileRef = CCF2F9382C356BD50051108C /* Profile.swift */; };
		CCF2F93C2C356C8B0051108C /* ProfileHost.swift in Sources */ = {isa = PBXBuildFile; fileRef = CCF2F93B2C356C8B0051108C /* ProfileHost.swift */; };
		CCF2F93E2C356CDB0051108C /* ProfileSummary.swift in Sources */ = {isa = PBXBuildFile; fileRef = CCF2F93D2C356CDB0051108C /* ProfileSummary.swift */; };
		CCF2F9402C356DDF0051108C /* HikeBadge.swift in Sources */ = {isa = PBXBuildFile; fileRef = CCF2F93F2C356DDF0051108C /* HikeBadge.swift */; };
		CCF2F9422C35745A0051108C /* ProfileEditor.swift in Sources */ = {isa = PBXBuildFile; fileRef = CCF2F9412C35745A0051108C /* ProfileEditor.swift */; };
		CCF2F9452C357AD70051108C /* PageViewController.swift in Sources */ = {isa = PBXBuildFile; fileRef = CCF2F9442C357AD70051108C /* PageViewController.swift */; };
		CCF2F9472C357C770051108C /* FeatureCard.swift in Sources */ = {isa = PBXBuildFile; fileRef = CCF2F9462C357C770051108C /* FeatureCard.swift */; };
		CCF2F9492C357CD10051108C /* PageView.swift in Sources */ = {isa = PBXBuildFile; fileRef = CCF2F9482C357CD10051108C /* PageView.swift */; };
		CCF2F94B2C35945D0051108C /* PageControl.swift in Sources */ = {isa = PBXBuildFile; fileRef = CCF2F94A2C35945D0051108C /* PageControl.swift */; };
		CCF2F9552C36B3270051108C /* ContentView.swift in Sources */ = {isa = PBXBuildFile; fileRef = CCF2F9542C36B3270051108C /* ContentView.swift */; };
		CCF2F9572C36B3280051108C /* Assets.xcassets in Resources */ = {isa = PBXBuildFile; fileRef = CCF2F9562C36B3280051108C /* Assets.xcassets */; };
		CCF2F95A2C36B3280051108C /* Preview Assets.xcassets in Resources */ = {isa = PBXBuildFile; fileRef = CCF2F9592C36B3280051108C /* Preview Assets.xcassets */; };
		CCF2F9642C36B3280051108C /* WatchLandmarks_Watch_AppTests.swift in Sources */ = {isa = PBXBuildFile; fileRef = CCF2F9632C36B3280051108C /* WatchLandmarks_Watch_AppTests.swift */; };
		CCF2F96E2C36B3280051108C /* WatchLandmarks_Watch_AppUITests.swift in Sources */ = {isa = PBXBuildFile; fileRef = CCF2F96D2C36B3280051108C /* WatchLandmarks_Watch_AppUITests.swift */; };
		CCF2F9702C36B3280051108C /* WatchLandmarks_Watch_AppUITestsLaunchTests.swift in Sources */ = {isa = PBXBuildFile; fileRef = CCF2F96F2C36B3280051108C /* WatchLandmarks_Watch_AppUITestsLaunchTests.swift */; };
		CCF2F9732C36B3280051108C /* WatchLandmarks Watch App.app in Embed Watch Content */ = {isa = PBXBuildFile; fileRef = CCF2F9502C36B3270051108C /* WatchLandmarks Watch App.app */; settings = {ATTRIBUTES = (RemoveHeadersOnCopy, ); }; };
		CCF2F97E2C36B79E0051108C /* landmarkData.json in Resources */ = {isa = PBXBuildFile; fileRef = CCD536F22C32C9F800DD80A2 /* landmarkData.json */; };
		CCF2F97F2C36B79E0051108C /* hikeData.json in Resources */ = {isa = PBXBuildFile; fileRef = CCF2F9242C353E730051108C /* hikeData.json */; };
		CCF2F9802C36B79E0051108C /* Assets.xcassets in Resources */ = {isa = PBXBuildFile; fileRef = CC8BFD242C2D75A100A45F6D /* Assets.xcassets */; };
		CCF2F9812C36B79E0051108C /* Hike.swift in Sources */ = {isa = PBXBuildFile; fileRef = CCF2F9262C353EA00051108C /* Hike.swift */; };
		CCF2F9822C36B79E0051108C /* Landmark.swift in Sources */ = {isa = PBXBuildFile; fileRef = CCD536F42C32CA1E00DD80A2 /* Landmark.swift */; };
		CCF2F9832C36B79E0051108C /* ModelData.swift in Sources */ = {isa = PBXBuildFile; fileRef = CCD536F62C32CEEE00DD80A2 /* ModelData.swift */; };
		CCF2F9842C36B79E0051108C /* LandmarksApp.swift in Sources */ = {isa = PBXBuildFile; fileRef = CC8BFD202C2D75A000A45F6D /* LandmarksApp.swift */; };
		CCF2F9852C36B79E0051108C /* LandmarkRow.swift in Sources */ = {isa = PBXBuildFile; fileRef = CCD536FB2C32D4F800DD80A2 /* LandmarkRow.swift */; };
		CCF2F9872C36B79E0051108C /* MapView.swift in Sources */ = {isa = PBXBuildFile; fileRef = CCD536EE2C32A7C300DD80A2 /* MapView.swift */; };
		CCF2F9882C36B79E0051108C /* Profile.swift in Sources */ = {isa = PBXBuildFile; fileRef = CCF2F9382C356BD50051108C /* Profile.swift */; };
		CCF2F9892C36B79E0051108C /* CircleImage.swift in Sources */ = {isa = PBXBuildFile; fileRef = CCD536EC2C32A50A00DD80A2 /* CircleImage.swift */; };
		CCF2F98B2C36B8FD0051108C /* LandmarkDetail.swift in Sources */ = {isa = PBXBuildFile; fileRef = CCF2F98A2C36B8FD0051108C /* LandmarkDetail.swift */; };
/* End PBXBuildFile section */

/* Begin PBXContainerItemProxy section */
		CC4590372C36C30D002E34F6 /* PBXContainerItemProxy */ = {
			isa = PBXContainerItemProxy;
			containerPortal = CC8BFD152C2D75A000A45F6D /* Project object */;
			proxyType = 1;
			remoteGlobalIDString = CC4590252C36C30D002E34F6;
			remoteInfo = MacLandmarks;
		};
		CC4590412C36C30D002E34F6 /* PBXContainerItemProxy */ = {
			isa = PBXContainerItemProxy;
			containerPortal = CC8BFD152C2D75A000A45F6D /* Project object */;
			proxyType = 1;
			remoteGlobalIDString = CC4590252C36C30D002E34F6;
			remoteInfo = MacLandmarks;
		};
		CC8BFD2E2C2D75A100A45F6D /* PBXContainerItemProxy */ = {
			isa = PBXContainerItemProxy;
			containerPortal = CC8BFD152C2D75A000A45F6D /* Project object */;
			proxyType = 1;
			remoteGlobalIDString = CC8BFD1C2C2D75A000A45F6D;
			remoteInfo = Landmarks;
		};
		CC8BFD382C2D75A100A45F6D /* PBXContainerItemProxy */ = {
			isa = PBXContainerItemProxy;
			containerPortal = CC8BFD152C2D75A000A45F6D /* Project object */;
			proxyType = 1;
			remoteGlobalIDString = CC8BFD1C2C2D75A000A45F6D;
			remoteInfo = Landmarks;
		};
		CCF2F9602C36B3280051108C /* PBXContainerItemProxy */ = {
			isa = PBXContainerItemProxy;
			containerPortal = CC8BFD152C2D75A000A45F6D /* Project object */;
			proxyType = 1;
			remoteGlobalIDString = CCF2F94F2C36B3270051108C;
			remoteInfo = "WatchLandmarks Watch App";
		};
		CCF2F96A2C36B3280051108C /* PBXContainerItemProxy */ = {
			isa = PBXContainerItemProxy;
			containerPortal = CC8BFD152C2D75A000A45F6D /* Project object */;
			proxyType = 1;
			remoteGlobalIDString = CCF2F94F2C36B3270051108C;
			remoteInfo = "WatchLandmarks Watch App";
		};
		CCF2F9712C36B3280051108C /* PBXContainerItemProxy */ = {
			isa = PBXContainerItemProxy;
			containerPortal = CC8BFD152C2D75A000A45F6D /* Project object */;
			proxyType = 1;
			remoteGlobalIDString = CCF2F94F2C36B3270051108C;
			remoteInfo = "WatchLandmarks Watch App";
		};
/* End PBXContainerItemProxy section */

/* Begin PBXCopyFilesBuildPhase section */
		CCF2F9772C36B3280051108C /* Embed Watch Content */ = {
			isa = PBXCopyFilesBuildPhase;
			buildActionMask = 2147483647;
			dstPath = "$(CONTENTS_FOLDER_PATH)/Watch";
			dstSubfolderSpec = 16;
			files = (
				CCF2F9732C36B3280051108C /* WatchLandmarks Watch App.app in Embed Watch Content */,
			);
			name = "Embed Watch Content";
			runOnlyForDeploymentPostprocessing = 0;
		};
/* End PBXCopyFilesBuildPhase section */

/* Begin PBXFileReference section */
		CC45901D2C36BD72002E34F6 /* NotificationView.swift */ = {isa = PBXFileReference; lastKnownFileType = sourcecode.swift; path = NotificationView.swift; sourceTree = "<group>"; };
		CC45901F2C36BDE3002E34F6 /* NotificationController.swift */ = {isa = PBXFileReference; lastKnownFileType = sourcecode.swift; path = NotificationController.swift; sourceTree = "<group>"; };
		CC4590212C36C006002E34F6 /* PushNotificationPayload.apns */ = {isa = PBXFileReference; lastKnownFileType = text; path = PushNotificationPayload.apns; sourceTree = "<group>"; };
		CC4590262C36C30D002E34F6 /* MacLandmarks.app */ = {isa = PBXFileReference; explicitFileType = wrapper.application; includeInIndex = 0; path = MacLandmarks.app; sourceTree = BUILT_PRODUCTS_DIR; };
		CC45902A2C36C30D002E34F6 /* ContentView.swift */ = {isa = PBXFileReference; lastKnownFileType = sourcecode.swift; path = ContentView.swift; sourceTree = "<group>"; };
		CC45902C2C36C30D002E34F6 /* Assets.xcassets */ = {isa = PBXFileReference; lastKnownFileType = folder.assetcatalog; path = Assets.xcassets; sourceTree = "<group>"; };
		CC45902F2C36C30D002E34F6 /* Preview Assets.xcassets */ = {isa = PBXFileReference; lastKnownFileType = folder.assetcatalog; path = "Preview Assets.xcassets"; sourceTree = "<group>"; };
		CC4590312C36C30D002E34F6 /* MacLandmarks.entitlements */ = {isa = PBXFileReference; lastKnownFileType = text.plist.entitlements; path = MacLandmarks.entitlements; sourceTree = "<group>"; };
		CC4590362C36C30D002E34F6 /* MacLandmarksTests.xctest */ = {isa = PBXFileReference; explicitFileType = wrapper.cfbundle; includeInIndex = 0; path = MacLandmarksTests.xctest; sourceTree = BUILT_PRODUCTS_DIR; };
		CC45903A2C36C30D002E34F6 /* MacLandmarksTests.swift */ = {isa = PBXFileReference; lastKnownFileType = sourcecode.swift; path = MacLandmarksTests.swift; sourceTree = "<group>"; };
		CC4590402C36C30D002E34F6 /* MacLandmarksUITests.xctest */ = {isa = PBXFileReference; explicitFileType = wrapper.cfbundle; includeInIndex = 0; path = MacLandmarksUITests.xctest; sourceTree = BUILT_PRODUCTS_DIR; };
		CC4590442C36C30E002E34F6 /* MacLandmarksUITests.swift */ = {isa = PBXFileReference; lastKnownFileType = sourcecode.swift; path = MacLandmarksUITests.swift; sourceTree = "<group>"; };
		CC4590462C36C30E002E34F6 /* MacLandmarksUITestsLaunchTests.swift */ = {isa = PBXFileReference; lastKnownFileType = sourcecode.swift; path = MacLandmarksUITestsLaunchTests.swift; sourceTree = "<group>"; };
		CC45905D2C36C531002E34F6 /* LandmarkDetail.swift */ = {isa = PBXFileReference; lastKnownFileType = sourcecode.swift; path = LandmarkDetail.swift; sourceTree = "<group>"; };
		CC4590602C36CAAC002E34F6 /* LandmarkList.swift */ = {isa = PBXFileReference; lastKnownFileType = sourcecode.swift; path = LandmarkList.swift; sourceTree = "<group>"; };
		CC8BFD1D2C2D75A000A45F6D /* Landmarks.app */ = {isa = PBXFileReference; explicitFileType = wrapper.application; includeInIndex = 0; path = Landmarks.app; sourceTree = BUILT_PRODUCTS_DIR; };
		CC8BFD202C2D75A000A45F6D /* LandmarksApp.swift */ = {isa = PBXFileReference; lastKnownFileType = sourcecode.swift; path = LandmarksApp.swift; sourceTree = "<group>"; };
		CC8BFD222C2D75A000A45F6D /* ContentView.swift */ = {isa = PBXFileReference; lastKnownFileType = sourcecode.swift; path = ContentView.swift; sourceTree = "<group>"; };
		CC8BFD242C2D75A100A45F6D /* Assets.xcassets */ = {isa = PBXFileReference; lastKnownFileType = folder.assetcatalog; path = Assets.xcassets; sourceTree = "<group>"; };
		CC8BFD272C2D75A100A45F6D /* Preview Assets.xcassets */ = {isa = PBXFileReference; lastKnownFileType = folder.assetcatalog; path = "Preview Assets.xcassets"; sourceTree = "<group>"; };
		CC8BFD2D2C2D75A100A45F6D /* LandmarksTests.xctest */ = {isa = PBXFileReference; explicitFileType = wrapper.cfbundle; includeInIndex = 0; path = LandmarksTests.xctest; sourceTree = BUILT_PRODUCTS_DIR; };
		CC8BFD312C2D75A100A45F6D /* LandmarksTests.swift */ = {isa = PBXFileReference; lastKnownFileType = sourcecode.swift; path = LandmarksTests.swift; sourceTree = "<group>"; };
		CC8BFD372C2D75A100A45F6D /* LandmarksUITests.xctest */ = {isa = PBXFileReference; explicitFileType = wrapper.cfbundle; includeInIndex = 0; path = LandmarksUITests.xctest; sourceTree = BUILT_PRODUCTS_DIR; };
		CC8BFD3B2C2D75A100A45F6D /* LandmarksUITests.swift */ = {isa = PBXFileReference; lastKnownFileType = sourcecode.swift; path = LandmarksUITests.swift; sourceTree = "<group>"; };
		CC8BFD3D2C2D75A100A45F6D /* LandmarksUITestsLaunchTests.swift */ = {isa = PBXFileReference; lastKnownFileType = sourcecode.swift; path = LandmarksUITestsLaunchTests.swift; sourceTree = "<group>"; };
		CC9525182C33EB2300F8A5CE /* LandmarkList.swift */ = {isa = PBXFileReference; lastKnownFileType = sourcecode.swift; path = LandmarkList.swift; sourceTree = "<group>"; };
		CC95251A2C33EEA900F8A5CE /* LandmarkDetail.swift */ = {isa = PBXFileReference; lastKnownFileType = sourcecode.swift; path = LandmarkDetail.swift; sourceTree = "<group>"; };
		CC95251C2C34191B00F8A5CE /* FavoriteButton.swift */ = {isa = PBXFileReference; lastKnownFileType = sourcecode.swift; path = FavoriteButton.swift; sourceTree = "<group>"; };
		CC9525212C352A9000F8A5CE /* BadgeBackground.swift */ = {isa = PBXFileReference; lastKnownFileType = sourcecode.swift; path = BadgeBackground.swift; sourceTree = "<group>"; };
		CC9525252C35356700F8A5CE /* RotatedBadgeSymbol.swift */ = {isa = PBXFileReference; lastKnownFileType = sourcecode.swift; path = RotatedBadgeSymbol.swift; sourceTree = "<group>"; };
		CCA7C3292C36D15C006C0662 /* LandmarkCommands.swift */ = {isa = PBXFileReference; lastKnownFileType = sourcecode.swift; path = LandmarkCommands.swift; sourceTree = "<group>"; };
		CCA7C32C2C36DA6E006C0662 /* LandmarkSettings.swift */ = {isa = PBXFileReference; lastKnownFileType = sourcecode.swift; path = LandmarkSettings.swift; sourceTree = "<group>"; };
		CCD536EC2C32A50A00DD80A2 /* CircleImage.swift */ = {isa = PBXFileReference; lastKnownFileType = sourcecode.swift; path = CircleImage.swift; sourceTree = "<group>"; };
		CCD536EE2C32A7C300DD80A2 /* MapView.swift */ = {isa = PBXFileReference; lastKnownFileType = sourcecode.swift; path = MapView.swift; sourceTree = "<group>"; };
		CCD536F22C32C9F800DD80A2 /* landmarkData.json */ = {isa = PBXFileReference; fileEncoding = 4; lastKnownFileType = text.json; path = landmarkData.json; sourceTree = "<group>"; };
		CCD536F42C32CA1E00DD80A2 /* Landmark.swift */ = {isa = PBXFileReference; lastKnownFileType = sourcecode.swift; path = Landmark.swift; sourceTree = "<group>"; };
		CCD536F62C32CEEE00DD80A2 /* ModelData.swift */ = {isa = PBXFileReference; lastKnownFileType = sourcecode.swift; path = ModelData.swift; sourceTree = "<group>"; };
		CCD536FB2C32D4F800DD80A2 /* LandmarkRow.swift */ = {isa = PBXFileReference; lastKnownFileType = sourcecode.swift; path = LandmarkRow.swift; sourceTree = "<group>"; };
		CCF2F91D2C3539070051108C /* Badge.swift */ = {isa = PBXFileReference; fileEncoding = 4; lastKnownFileType = sourcecode.swift; path = Badge.swift; sourceTree = "<group>"; };
		CCF2F91E2C3539070051108C /* BadgeSymbol.swift */ = {isa = PBXFileReference; fileEncoding = 4; lastKnownFileType = sourcecode.swift; path = BadgeSymbol.swift; sourceTree = "<group>"; };
		CCF2F91F2C3539070051108C /* HexagonParameters.swift */ = {isa = PBXFileReference; fileEncoding = 4; lastKnownFileType = sourcecode.swift; path = HexagonParameters.swift; sourceTree = "<group>"; };
		CCF2F9242C353E730051108C /* hikeData.json */ = {isa = PBXFileReference; fileEncoding = 4; lastKnownFileType = text.json; path = hikeData.json; sourceTree = "<group>"; };
		CCF2F9262C353EA00051108C /* Hike.swift */ = {isa = PBXFileReference; lastKnownFileType = sourcecode.swift; name = Hike.swift; path = Landmarks/Resources/Hike.swift; sourceTree = SOURCE_ROOT; };
		CCF2F9282C353F1F0051108C /* GraphCapsule.swift */ = {isa = PBXFileReference; fileEncoding = 4; lastKnownFileType = sourcecode.swift; path = GraphCapsule.swift; sourceTree = "<group>"; };
		CCF2F9292C353F1F0051108C /* HikeDetail.swift */ = {isa = PBXFileReference; fileEncoding = 4; lastKnownFileType = sourcecode.swift; path = HikeDetail.swift; sourceTree = "<group>"; };
		CCF2F92A2C353F1F0051108C /* HikeGraph.swift */ = {isa = PBXFileReference; fileEncoding = 4; lastKnownFileType = sourcecode.swift; path = HikeGraph.swift; sourceTree = "<group>"; };
		CCF2F92B2C353F1F0051108C /* HikeView.swift */ = {isa = PBXFileReference; fileEncoding = 4; lastKnownFileType = sourcecode.swift; path = HikeView.swift; sourceTree = "<group>"; };
		CCF2F9322C3549EE0051108C /* CategoryHome.swift */ = {isa = PBXFileReference; lastKnownFileType = sourcecode.swift; path = CategoryHome.swift; sourceTree = "<group>"; };
		CCF2F9342C354C3F0051108C /* CategoryRow.swift */ = {isa = PBXFileReference; lastKnownFileType = sourcecode.swift; path = CategoryRow.swift; sourceTree = "<group>"; };
		CCF2F9362C354DFF0051108C /* CategoryItem.swift */ = {isa = PBXFileReference; lastKnownFileType = sourcecode.swift; path = CategoryItem.swift; sourceTree = "<group>"; };
		CCF2F9382C356BD50051108C /* Profile.swift */ = {isa = PBXFileReference; lastKnownFileType = sourcecode.swift; path = Profile.swift; sourceTree = "<group>"; };
		CCF2F93B2C356C8B0051108C /* ProfileHost.swift */ = {isa = PBXFileReference; lastKnownFileType = sourcecode.swift; path = ProfileHost.swift; sourceTree = "<group>"; };
		CCF2F93D2C356CDB0051108C /* ProfileSummary.swift */ = {isa = PBXFileReference; lastKnownFileType = sourcecode.swift; path = ProfileSummary.swift; sourceTree = "<group>"; };
		CCF2F93F2C356DDF0051108C /* HikeBadge.swift */ = {isa = PBXFileReference; lastKnownFileType = sourcecode.swift; name = HikeBadge.swift; path = Landmarks/Views/Profiles/HikeBadge.swift; sourceTree = SOURCE_ROOT; };
		CCF2F9412C35745A0051108C /* ProfileEditor.swift */ = {isa = PBXFileReference; lastKnownFileType = sourcecode.swift; path = ProfileEditor.swift; sourceTree = "<group>"; };
		CCF2F9442C357AD70051108C /* PageViewController.swift */ = {isa = PBXFileReference; lastKnownFileType = sourcecode.swift; path = PageViewController.swift; sourceTree = "<group>"; };
		CCF2F9462C357C770051108C /* FeatureCard.swift */ = {isa = PBXFileReference; lastKnownFileType = sourcecode.swift; name = FeatureCard.swift; path = Landmarks/FeatureCard.swift; sourceTree = SOURCE_ROOT; };
		CCF2F9482C357CD10051108C /* PageView.swift */ = {isa = PBXFileReference; lastKnownFileType = sourcecode.swift; path = PageView.swift; sourceTree = "<group>"; };
		CCF2F94A2C35945D0051108C /* PageControl.swift */ = {isa = PBXFileReference; lastKnownFileType = sourcecode.swift; path = PageControl.swift; sourceTree = "<group>"; };
		CCF2F9502C36B3270051108C /* WatchLandmarks Watch App.app */ = {isa = PBXFileReference; explicitFileType = wrapper.application; includeInIndex = 0; path = "WatchLandmarks Watch App.app"; sourceTree = BUILT_PRODUCTS_DIR; };
		CCF2F9542C36B3270051108C /* ContentView.swift */ = {isa = PBXFileReference; lastKnownFileType = sourcecode.swift; path = ContentView.swift; sourceTree = "<group>"; };
		CCF2F9562C36B3280051108C /* Assets.xcassets */ = {isa = PBXFileReference; lastKnownFileType = folder.assetcatalog; path = Assets.xcassets; sourceTree = "<group>"; };
		CCF2F9592C36B3280051108C /* Preview Assets.xcassets */ = {isa = PBXFileReference; lastKnownFileType = folder.assetcatalog; path = "Preview Assets.xcassets"; sourceTree = "<group>"; };
		CCF2F95F2C36B3280051108C /* WatchLandmarks Watch AppTests.xctest */ = {isa = PBXFileReference; explicitFileType = wrapper.cfbundle; includeInIndex = 0; path = "WatchLandmarks Watch AppTests.xctest"; sourceTree = BUILT_PRODUCTS_DIR; };
		CCF2F9632C36B3280051108C /* WatchLandmarks_Watch_AppTests.swift */ = {isa = PBXFileReference; lastKnownFileType = sourcecode.swift; path = WatchLandmarks_Watch_AppTests.swift; sourceTree = "<group>"; };
		CCF2F9692C36B3280051108C /* WatchLandmarks Watch AppUITests.xctest */ = {isa = PBXFileReference; explicitFileType = wrapper.cfbundle; includeInIndex = 0; path = "WatchLandmarks Watch AppUITests.xctest"; sourceTree = BUILT_PRODUCTS_DIR; };
		CCF2F96D2C36B3280051108C /* WatchLandmarks_Watch_AppUITests.swift */ = {isa = PBXFileReference; lastKnownFileType = sourcecode.swift; path = WatchLandmarks_Watch_AppUITests.swift; sourceTree = "<group>"; };
		CCF2F96F2C36B3280051108C /* WatchLandmarks_Watch_AppUITestsLaunchTests.swift */ = {isa = PBXFileReference; lastKnownFileType = sourcecode.swift; path = WatchLandmarks_Watch_AppUITestsLaunchTests.swift; sourceTree = "<group>"; };
		CCF2F98A2C36B8FD0051108C /* LandmarkDetail.swift */ = {isa = PBXFileReference; lastKnownFileType = sourcecode.swift; path = LandmarkDetail.swift; sourceTree = "<group>"; };
/* End PBXFileReference section */

/* Begin PBXFrameworksBuildPhase section */
		CC4590232C36C30D002E34F6 /* Frameworks */ = {
			isa = PBXFrameworksBuildPhase;
			buildActionMask = 2147483647;
			files = (
			);
			runOnlyForDeploymentPostprocessing = 0;
		};
		CC4590332C36C30D002E34F6 /* Frameworks */ = {
			isa = PBXFrameworksBuildPhase;
			buildActionMask = 2147483647;
			files = (
			);
			runOnlyForDeploymentPostprocessing = 0;
		};
		CC45903D2C36C30D002E34F6 /* Frameworks */ = {
			isa = PBXFrameworksBuildPhase;
			buildActionMask = 2147483647;
			files = (
			);
			runOnlyForDeploymentPostprocessing = 0;
		};
		CC8BFD1A2C2D75A000A45F6D /* Frameworks */ = {
			isa = PBXFrameworksBuildPhase;
			buildActionMask = 2147483647;
			files = (
			);
			runOnlyForDeploymentPostprocessing = 0;
		};
		CC8BFD2A2C2D75A100A45F6D /* Frameworks */ = {
			isa = PBXFrameworksBuildPhase;
			buildActionMask = 2147483647;
			files = (
			);
			runOnlyForDeploymentPostprocessing = 0;
		};
		CC8BFD342C2D75A100A45F6D /* Frameworks */ = {
			isa = PBXFrameworksBuildPhase;
			buildActionMask = 2147483647;
			files = (
			);
			runOnlyForDeploymentPostprocessing = 0;
		};
		CCF2F94D2C36B3270051108C /* Frameworks */ = {
			isa = PBXFrameworksBuildPhase;
			buildActionMask = 2147483647;
			files = (
			);
			runOnlyForDeploymentPostprocessing = 0;
		};
		CCF2F95C2C36B3280051108C /* Frameworks */ = {
			isa = PBXFrameworksBuildPhase;
			buildActionMask = 2147483647;
			files = (
			);
			runOnlyForDeploymentPostprocessing = 0;
		};
		CCF2F9662C36B3280051108C /* Frameworks */ = {
			isa = PBXFrameworksBuildPhase;
			buildActionMask = 2147483647;
			files = (
			);
			runOnlyForDeploymentPostprocessing = 0;
		};
/* End PBXFrameworksBuildPhase section */

/* Begin PBXGroup section */
		CC4590272C36C30D002E34F6 /* MacLandmarks */ = {
			isa = PBXGroup;
			children = (
				CC45902A2C36C30D002E34F6 /* ContentView.swift */,
				CC45902C2C36C30D002E34F6 /* Assets.xcassets */,
				CC4590312C36C30D002E34F6 /* MacLandmarks.entitlements */,
				CC45902E2C36C30D002E34F6 /* Preview Content */,
				CC45905D2C36C531002E34F6 /* LandmarkDetail.swift */,
				CCA7C3292C36D15C006C0662 /* LandmarkCommands.swift */,
				CCA7C32C2C36DA6E006C0662 /* LandmarkSettings.swift */,
			);
			path = MacLandmarks;
			sourceTree = "<group>";
		};
		CC45902E2C36C30D002E34F6 /* Preview Content */ = {
			isa = PBXGroup;
			children = (
				CC45902F2C36C30D002E34F6 /* Preview Assets.xcassets */,
			);
			path = "Preview Content";
			sourceTree = "<group>";
		};
		CC4590392C36C30D002E34F6 /* MacLandmarksTests */ = {
			isa = PBXGroup;
			children = (
				CC45903A2C36C30D002E34F6 /* MacLandmarksTests.swift */,
			);
			path = MacLandmarksTests;
			sourceTree = "<group>";
		};
		CC4590432C36C30D002E34F6 /* MacLandmarksUITests */ = {
			isa = PBXGroup;
			children = (
				CC4590442C36C30E002E34F6 /* MacLandmarksUITests.swift */,
				CC4590462C36C30E002E34F6 /* MacLandmarksUITestsLaunchTests.swift */,
			);
			path = MacLandmarksUITests;
			sourceTree = "<group>";
		};
		CC8BFD142C2D75A000A45F6D = {
			isa = PBXGroup;
			children = (
				CC8BFD1F2C2D75A000A45F6D /* Landmarks */,
				CC8BFD302C2D75A100A45F6D /* LandmarksTests */,
				CC8BFD3A2C2D75A100A45F6D /* LandmarksUITests */,
				CCF2F9512C36B3270051108C /* WatchLandmarks Watch App */,
				CCF2F9622C36B3280051108C /* WatchLandmarks Watch AppTests */,
				CCF2F96C2C36B3280051108C /* WatchLandmarks Watch AppUITests */,
				CC4590272C36C30D002E34F6 /* MacLandmarks */,
				CC4590392C36C30D002E34F6 /* MacLandmarksTests */,
				CC4590432C36C30D002E34F6 /* MacLandmarksUITests */,
				CC8BFD1E2C2D75A000A45F6D /* Products */,
			);
			sourceTree = "<group>";
		};
		CC8BFD1E2C2D75A000A45F6D /* Products */ = {
			isa = PBXGroup;
			children = (
				CC8BFD1D2C2D75A000A45F6D /* Landmarks.app */,
				CC8BFD2D2C2D75A100A45F6D /* LandmarksTests.xctest */,
				CC8BFD372C2D75A100A45F6D /* LandmarksUITests.xctest */,
				CCF2F9502C36B3270051108C /* WatchLandmarks Watch App.app */,
				CCF2F95F2C36B3280051108C /* WatchLandmarks Watch AppTests.xctest */,
				CCF2F9692C36B3280051108C /* WatchLandmarks Watch AppUITests.xctest */,
				CC4590262C36C30D002E34F6 /* MacLandmarks.app */,
				CC4590362C36C30D002E34F6 /* MacLandmarksTests.xctest */,
				CC4590402C36C30D002E34F6 /* MacLandmarksUITests.xctest */,
			);
			name = Products;
			sourceTree = "<group>";
		};
		CC8BFD1F2C2D75A000A45F6D /* Landmarks */ = {
			isa = PBXGroup;
			children = (
				CC8BFD242C2D75A100A45F6D /* Assets.xcassets */,
				CC8BFD202C2D75A000A45F6D /* LandmarksApp.swift */,
				CCD536F92C32D2C300DD80A2 /* Models */,
				CC8BFD262C2D75A100A45F6D /* Preview Content */,
				CCD536FA2C32D2CC00DD80A2 /* Resources */,
				CCD536F82C32D25A00DD80A2 /* Views */,
			);
			path = Landmarks;
			sourceTree = "<group>";
		};
		CC8BFD262C2D75A100A45F6D /* Preview Content */ = {
			isa = PBXGroup;
			children = (
				CC8BFD272C2D75A100A45F6D /* Preview Assets.xcassets */,
			);
			path = "Preview Content";
			sourceTree = "<group>";
		};
		CC8BFD302C2D75A100A45F6D /* LandmarksTests */ = {
			isa = PBXGroup;
			children = (
				CC8BFD312C2D75A100A45F6D /* LandmarksTests.swift */,
			);
			path = LandmarksTests;
			sourceTree = "<group>";
		};
		CC8BFD3A2C2D75A100A45F6D /* LandmarksUITests */ = {
			isa = PBXGroup;
			children = (
				CC8BFD3B2C2D75A100A45F6D /* LandmarksUITests.swift */,
				CC8BFD3D2C2D75A100A45F6D /* LandmarksUITestsLaunchTests.swift */,
			);
			path = LandmarksUITests;
			sourceTree = "<group>";
		};
		CC95251E2C341AB800F8A5CE /* Landmark */ = {
			isa = PBXGroup;
			children = (
				CCD536FB2C32D4F800DD80A2 /* LandmarkRow.swift */,
				CC9525182C33EB2300F8A5CE /* LandmarkList.swift */,
				CC95251A2C33EEA900F8A5CE /* LandmarkDetail.swift */,
			);
			path = Landmark;
			sourceTree = "<group>";
		};
		CCD536F82C32D25A00DD80A2 /* Views */ = {
			isa = PBXGroup;
			children = (
				CCD536EC2C32A50A00DD80A2 /* CircleImage.swift */,
				CC8BFD222C2D75A000A45F6D /* ContentView.swift */,
				CC95251C2C34191B00F8A5CE /* FavoriteButton.swift */,
				CCF2F9462C357C770051108C /* FeatureCard.swift */,
				CCD536EE2C32A7C300DD80A2 /* MapView.swift */,
				CCF2F9232C353A150051108C /* Badge */,
				CCF2F9312C3549D30051108C /* Categories */,
				CCF2F92C2C353F1F0051108C /* Hikes */,
				CC95251E2C341AB800F8A5CE /* Landmark */,
				CCF2F9432C357AC40051108C /* PageView */,
				CCF2F93A2C356C750051108C /* Profiles */,
			);
			path = Views;
			sourceTree = "<group>";
		};
		CCD536F92C32D2C300DD80A2 /* Models */ = {
			isa = PBXGroup;
			children = (
				CCF2F9382C356BD50051108C /* Profile.swift */,
				CCF2F9262C353EA00051108C /* Hike.swift */,
				CCD536F42C32CA1E00DD80A2 /* Landmark.swift */,
				CCD536F62C32CEEE00DD80A2 /* ModelData.swift */,
			);
			path = Models;
			sourceTree = "<group>";
		};
		CCD536FA2C32D2CC00DD80A2 /* Resources */ = {
			isa = PBXGroup;
			children = (
				CCF2F9242C353E730051108C /* hikeData.json */,
				CCD536F22C32C9F800DD80A2 /* landmarkData.json */,
			);
			path = Resources;
			sourceTree = "<group>";
		};
		CCF2F9232C353A150051108C /* Badge */ = {
			isa = PBXGroup;
			children = (
				CCF2F91D2C3539070051108C /* Badge.swift */,
				CCF2F91E2C3539070051108C /* BadgeSymbol.swift */,
				CCF2F91F2C3539070051108C /* HexagonParameters.swift */,
				CC9525252C35356700F8A5CE /* RotatedBadgeSymbol.swift */,
				CC9525212C352A9000F8A5CE /* BadgeBackground.swift */,
			);
			path = Badge;
			sourceTree = "<group>";
		};
		CCF2F92C2C353F1F0051108C /* Hikes */ = {
			isa = PBXGroup;
			children = (
				CCF2F93F2C356DDF0051108C /* HikeBadge.swift */,
				CCF2F9282C353F1F0051108C /* GraphCapsule.swift */,
				CCF2F9292C353F1F0051108C /* HikeDetail.swift */,
				CCF2F92A2C353F1F0051108C /* HikeGraph.swift */,
				CCF2F92B2C353F1F0051108C /* HikeView.swift */,
			);
			path = Hikes;
			sourceTree = "<group>";
		};
		CCF2F9312C3549D30051108C /* Categories */ = {
			isa = PBXGroup;
			children = (
				CCF2F9322C3549EE0051108C /* CategoryHome.swift */,
				CCF2F9342C354C3F0051108C /* CategoryRow.swift */,
				CCF2F9362C354DFF0051108C /* CategoryItem.swift */,
			);
			path = Categories;
			sourceTree = "<group>";
		};
		CCF2F93A2C356C750051108C /* Profiles */ = {
			isa = PBXGroup;
			children = (
				CCF2F93B2C356C8B0051108C /* ProfileHost.swift */,
				CCF2F9412C35745A0051108C /* ProfileEditor.swift */,
				CCF2F93D2C356CDB0051108C /* ProfileSummary.swift */,
			);
			path = Profiles;
			sourceTree = "<group>";
		};
		CCF2F9432C357AC40051108C /* PageView */ = {
			isa = PBXGroup;
			children = (
				CCF2F9482C357CD10051108C /* PageView.swift */,
				CCF2F94A2C35945D0051108C /* PageControl.swift */,
				CCF2F9442C357AD70051108C /* PageViewController.swift */,
			);
			path = PageView;
			sourceTree = "<group>";
		};
		CCF2F9512C36B3270051108C /* WatchLandmarks Watch App */ = {
			isa = PBXGroup;
			children = (
				CC4590602C36CAAC002E34F6 /* LandmarkList.swift */,
				CCF2F9542C36B3270051108C /* ContentView.swift */,
				CC4590212C36C006002E34F6 /* PushNotificationPayload.apns */,
				CCF2F9562C36B3280051108C /* Assets.xcassets */,
				CCF2F9582C36B3280051108C /* Preview Content */,
				CCF2F98A2C36B8FD0051108C /* LandmarkDetail.swift */,
				CC45901D2C36BD72002E34F6 /* NotificationView.swift */,
				CC45901F2C36BDE3002E34F6 /* NotificationController.swift */,
			);
			path = "WatchLandmarks Watch App";
			sourceTree = "<group>";
		};
		CCF2F9582C36B3280051108C /* Preview Content */ = {
			isa = PBXGroup;
			children = (
				CCF2F9592C36B3280051108C /* Preview Assets.xcassets */,
			);
			path = "Preview Content";
			sourceTree = "<group>";
		};
		CCF2F9622C36B3280051108C /* WatchLandmarks Watch AppTests */ = {
			isa = PBXGroup;
			children = (
				CCF2F9632C36B3280051108C /* WatchLandmarks_Watch_AppTests.swift */,
			);
			path = "WatchLandmarks Watch AppTests";
			sourceTree = "<group>";
		};
		CCF2F96C2C36B3280051108C /* WatchLandmarks Watch AppUITests */ = {
			isa = PBXGroup;
			children = (
				CCF2F96D2C36B3280051108C /* WatchLandmarks_Watch_AppUITests.swift */,
				CCF2F96F2C36B3280051108C /* WatchLandmarks_Watch_AppUITestsLaunchTests.swift */,
			);
			path = "WatchLandmarks Watch AppUITests";
			sourceTree = "<group>";
		};
/* End PBXGroup section */

/* Begin PBXNativeTarget section */
		CC4590252C36C30D002E34F6 /* MacLandmarks */ = {
			isa = PBXNativeTarget;
			buildConfigurationList = CC4590482C36C30E002E34F6 /* Build configuration list for PBXNativeTarget "MacLandmarks" */;
			buildPhases = (
				CC4590222C36C30D002E34F6 /* Sources */,
				CC4590232C36C30D002E34F6 /* Frameworks */,
				CC4590242C36C30D002E34F6 /* Resources */,
			);
			buildRules = (
			);
			dependencies = (
			);
			name = MacLandmarks;
			productName = MacLandmarks;
			productReference = CC4590262C36C30D002E34F6 /* MacLandmarks.app */;
			productType = "com.apple.product-type.application";
		};
		CC4590352C36C30D002E34F6 /* MacLandmarksTests */ = {
			isa = PBXNativeTarget;
			buildConfigurationList = CC45904B2C36C30E002E34F6 /* Build configuration list for PBXNativeTarget "MacLandmarksTests" */;
			buildPhases = (
				CC4590322C36C30D002E34F6 /* Sources */,
				CC4590332C36C30D002E34F6 /* Frameworks */,
				CC4590342C36C30D002E34F6 /* Resources */,
			);
			buildRules = (
			);
			dependencies = (
				CC4590382C36C30D002E34F6 /* PBXTargetDependency */,
			);
			name = MacLandmarksTests;
			productName = MacLandmarksTests;
			productReference = CC4590362C36C30D002E34F6 /* MacLandmarksTests.xctest */;
			productType = "com.apple.product-type.bundle.unit-test";
		};
		CC45903F2C36C30D002E34F6 /* MacLandmarksUITests */ = {
			isa = PBXNativeTarget;
			buildConfigurationList = CC45904E2C36C30E002E34F6 /* Build configuration list for PBXNativeTarget "MacLandmarksUITests" */;
			buildPhases = (
				CC45903C2C36C30D002E34F6 /* Sources */,
				CC45903D2C36C30D002E34F6 /* Frameworks */,
				CC45903E2C36C30D002E34F6 /* Resources */,
			);
			buildRules = (
			);
			dependencies = (
				CC4590422C36C30D002E34F6 /* PBXTargetDependency */,
			);
			name = MacLandmarksUITests;
			productName = MacLandmarksUITests;
			productReference = CC4590402C36C30D002E34F6 /* MacLandmarksUITests.xctest */;
			productType = "com.apple.product-type.bundle.ui-testing";
		};
		CC8BFD1C2C2D75A000A45F6D /* Landmarks */ = {
			isa = PBXNativeTarget;
			buildConfigurationList = CC8BFD412C2D75A100A45F6D /* Build configuration list for PBXNativeTarget "Landmarks" */;
			buildPhases = (
				CC8BFD192C2D75A000A45F6D /* Sources */,
				CC8BFD1A2C2D75A000A45F6D /* Frameworks */,
				CC8BFD1B2C2D75A000A45F6D /* Resources */,
				CCF2F9772C36B3280051108C /* Embed Watch Content */,
			);
			buildRules = (
			);
			dependencies = (
				CCF2F9722C36B3280051108C /* PBXTargetDependency */,
			);
			name = Landmarks;
			productName = Landmarks;
			productReference = CC8BFD1D2C2D75A000A45F6D /* Landmarks.app */;
			productType = "com.apple.product-type.application";
		};
		CC8BFD2C2C2D75A100A45F6D /* LandmarksTests */ = {
			isa = PBXNativeTarget;
			buildConfigurationList = CC8BFD442C2D75A100A45F6D /* Build configuration list for PBXNativeTarget "LandmarksTests" */;
			buildPhases = (
				CC8BFD292C2D75A100A45F6D /* Sources */,
				CC8BFD2A2C2D75A100A45F6D /* Frameworks */,
				CC8BFD2B2C2D75A100A45F6D /* Resources */,
			);
			buildRules = (
			);
			dependencies = (
				CC8BFD2F2C2D75A100A45F6D /* PBXTargetDependency */,
			);
			name = LandmarksTests;
			productName = LandmarksTests;
			productReference = CC8BFD2D2C2D75A100A45F6D /* LandmarksTests.xctest */;
			productType = "com.apple.product-type.bundle.unit-test";
		};
		CC8BFD362C2D75A100A45F6D /* LandmarksUITests */ = {
			isa = PBXNativeTarget;
			buildConfigurationList = CC8BFD472C2D75A100A45F6D /* Build configuration list for PBXNativeTarget "LandmarksUITests" */;
			buildPhases = (
				CC8BFD332C2D75A100A45F6D /* Sources */,
				CC8BFD342C2D75A100A45F6D /* Frameworks */,
				CC8BFD352C2D75A100A45F6D /* Resources */,
			);
			buildRules = (
			);
			dependencies = (
				CC8BFD392C2D75A100A45F6D /* PBXTargetDependency */,
			);
			name = LandmarksUITests;
			productName = LandmarksUITests;
			productReference = CC8BFD372C2D75A100A45F6D /* LandmarksUITests.xctest */;
			productType = "com.apple.product-type.bundle.ui-testing";
		};
		CCF2F94F2C36B3270051108C /* WatchLandmarks Watch App */ = {
			isa = PBXNativeTarget;
			buildConfigurationList = CCF2F9742C36B3280051108C /* Build configuration list for PBXNativeTarget "WatchLandmarks Watch App" */;
			buildPhases = (
				CCF2F94C2C36B3270051108C /* Sources */,
				CCF2F94D2C36B3270051108C /* Frameworks */,
				CCF2F94E2C36B3270051108C /* Resources */,
			);
			buildRules = (
			);
			dependencies = (
			);
			name = "WatchLandmarks Watch App";
			productName = "WatchLandmarks Watch App";
			productReference = CCF2F9502C36B3270051108C /* WatchLandmarks Watch App.app */;
			productType = "com.apple.product-type.application";
		};
		CCF2F95E2C36B3280051108C /* WatchLandmarks Watch AppTests */ = {
			isa = PBXNativeTarget;
			buildConfigurationList = CCF2F9782C36B3280051108C /* Build configuration list for PBXNativeTarget "WatchLandmarks Watch AppTests" */;
			buildPhases = (
				CCF2F95B2C36B3280051108C /* Sources */,
				CCF2F95C2C36B3280051108C /* Frameworks */,
				CCF2F95D2C36B3280051108C /* Resources */,
			);
			buildRules = (
			);
			dependencies = (
				CCF2F9612C36B3280051108C /* PBXTargetDependency */,
			);
			name = "WatchLandmarks Watch AppTests";
			productName = "WatchLandmarks Watch AppTests";
			productReference = CCF2F95F2C36B3280051108C /* WatchLandmarks Watch AppTests.xctest */;
			productType = "com.apple.product-type.bundle.unit-test";
		};
		CCF2F9682C36B3280051108C /* WatchLandmarks Watch AppUITests */ = {
			isa = PBXNativeTarget;
			buildConfigurationList = CCF2F97B2C36B3280051108C /* Build configuration list for PBXNativeTarget "WatchLandmarks Watch AppUITests" */;
			buildPhases = (
				CCF2F9652C36B3280051108C /* Sources */,
				CCF2F9662C36B3280051108C /* Frameworks */,
				CCF2F9672C36B3280051108C /* Resources */,
			);
			buildRules = (
			);
			dependencies = (
				CCF2F96B2C36B3280051108C /* PBXTargetDependency */,
			);
			name = "WatchLandmarks Watch AppUITests";
			productName = "WatchLandmarks Watch AppUITests";
			productReference = CCF2F9692C36B3280051108C /* WatchLandmarks Watch AppUITests.xctest */;
			productType = "com.apple.product-type.bundle.ui-testing";
		};
/* End PBXNativeTarget section */

/* Begin PBXProject section */
		CC8BFD152C2D75A000A45F6D /* Project object */ = {
			isa = PBXProject;
			attributes = {
				BuildIndependentTargetsInParallel = 1;
				LastSwiftUpdateCheck = 1540;
				LastUpgradeCheck = 1540;
				TargetAttributes = {
					CC4590252C36C30D002E34F6 = {
						CreatedOnToolsVersion = 15.4;
					};
					CC4590352C36C30D002E34F6 = {
						CreatedOnToolsVersion = 15.4;
						TestTargetID = CC4590252C36C30D002E34F6;
					};
					CC45903F2C36C30D002E34F6 = {
						CreatedOnToolsVersion = 15.4;
						TestTargetID = CC4590252C36C30D002E34F6;
					};
					CC8BFD1C2C2D75A000A45F6D = {
						CreatedOnToolsVersion = 15.4;
					};
					CC8BFD2C2C2D75A100A45F6D = {
						CreatedOnToolsVersion = 15.4;
						TestTargetID = CC8BFD1C2C2D75A000A45F6D;
					};
					CC8BFD362C2D75A100A45F6D = {
						CreatedOnToolsVersion = 15.4;
						TestTargetID = CC8BFD1C2C2D75A000A45F6D;
					};
					CCF2F94F2C36B3270051108C = {
						CreatedOnToolsVersion = 15.4;
					};
					CCF2F95E2C36B3280051108C = {
						CreatedOnToolsVersion = 15.4;
						TestTargetID = CCF2F94F2C36B3270051108C;
					};
					CCF2F9682C36B3280051108C = {
						CreatedOnToolsVersion = 15.4;
						TestTargetID = CCF2F94F2C36B3270051108C;
					};
				};
			};
			buildConfigurationList = CC8BFD182C2D75A000A45F6D /* Build configuration list for PBXProject "Landmarks" */;
			compatibilityVersion = "Xcode 14.0";
			developmentRegion = en;
			hasScannedForEncodings = 0;
			knownRegions = (
				en,
				Base,
			);
			mainGroup = CC8BFD142C2D75A000A45F6D;
			productRefGroup = CC8BFD1E2C2D75A000A45F6D /* Products */;
			projectDirPath = "";
			projectRoot = "";
			targets = (
				CC8BFD1C2C2D75A000A45F6D /* Landmarks */,
				CC8BFD2C2C2D75A100A45F6D /* LandmarksTests */,
				CC8BFD362C2D75A100A45F6D /* LandmarksUITests */,
				CCF2F94F2C36B3270051108C /* WatchLandmarks Watch App */,
				CCF2F95E2C36B3280051108C /* WatchLandmarks Watch AppTests */,
				CCF2F9682C36B3280051108C /* WatchLandmarks Watch AppUITests */,
				CC4590252C36C30D002E34F6 /* MacLandmarks */,
				CC4590352C36C30D002E34F6 /* MacLandmarksTests */,
				CC45903F2C36C30D002E34F6 /* MacLandmarksUITests */,
			);
		};
/* End PBXProject section */

/* Begin PBXResourcesBuildPhase section */
		CC4590242C36C30D002E34F6 /* Resources */ = {
			isa = PBXResourcesBuildPhase;
			buildActionMask = 2147483647;
			files = (
				CC4590512C36C42C002E34F6 /* hikeData.json in Resources */,
				CC4590522C36C42C002E34F6 /* landmarkData.json in Resources */,
				CC4590302C36C30D002E34F6 /* Preview Assets.xcassets in Resources */,
				CC45902D2C36C30D002E34F6 /* Assets.xcassets in Resources */,
				CC45905F2C36C869002E34F6 /* Assets.xcassets in Resources */,
			);
			runOnlyForDeploymentPostprocessing = 0;
		};
		CC4590342C36C30D002E34F6 /* Resources */ = {
			isa = PBXResourcesBuildPhase;
			buildActionMask = 2147483647;
			files = (
			);
			runOnlyForDeploymentPostprocessing = 0;
		};
		CC45903E2C36C30D002E34F6 /* Resources */ = {
			isa = PBXResourcesBuildPhase;
			buildActionMask = 2147483647;
			files = (
			);
			runOnlyForDeploymentPostprocessing = 0;
		};
		CC8BFD1B2C2D75A000A45F6D /* Resources */ = {
			isa = PBXResourcesBuildPhase;
			buildActionMask = 2147483647;
			files = (
				CCF2F9252C353E730051108C /* hikeData.json in Resources */,
				CC8BFD282C2D75A100A45F6D /* Preview Assets.xcassets in Resources */,
				CC8BFD252C2D75A100A45F6D /* Assets.xcassets in Resources */,
				CCD536F32C32C9F800DD80A2 /* landmarkData.json in Resources */,
			);
			runOnlyForDeploymentPostprocessing = 0;
		};
		CC8BFD2B2C2D75A100A45F6D /* Resources */ = {
			isa = PBXResourcesBuildPhase;
			buildActionMask = 2147483647;
			files = (
			);
			runOnlyForDeploymentPostprocessing = 0;
		};
		CC8BFD352C2D75A100A45F6D /* Resources */ = {
			isa = PBXResourcesBuildPhase;
			buildActionMask = 2147483647;
			files = (
			);
			runOnlyForDeploymentPostprocessing = 0;
		};
		CCF2F94E2C36B3270051108C /* Resources */ = {
			isa = PBXResourcesBuildPhase;
			buildActionMask = 2147483647;
			files = (
				CCF2F95A2C36B3280051108C /* Preview Assets.xcassets in Resources */,
				CCF2F97E2C36B79E0051108C /* landmarkData.json in Resources */,
				CCF2F97F2C36B79E0051108C /* hikeData.json in Resources */,
				CCF2F9802C36B79E0051108C /* Assets.xcassets in Resources */,
				CCF2F9572C36B3280051108C /* Assets.xcassets in Resources */,
			);
			runOnlyForDeploymentPostprocessing = 0;
		};
		CCF2F95D2C36B3280051108C /* Resources */ = {
			isa = PBXResourcesBuildPhase;
			buildActionMask = 2147483647;
			files = (
			);
			runOnlyForDeploymentPostprocessing = 0;
		};
		CCF2F9672C36B3280051108C /* Resources */ = {
			isa = PBXResourcesBuildPhase;
			buildActionMask = 2147483647;
			files = (
			);
			runOnlyForDeploymentPostprocessing = 0;
		};
/* End PBXResourcesBuildPhase section */

/* Begin PBXSourcesBuildPhase section */
		CC4590222C36C30D002E34F6 /* Sources */ = {
			isa = PBXSourcesBuildPhase;
			buildActionMask = 2147483647;
			files = (
				CC4590532C36C42C002E34F6 /* LandmarkList.swift in Sources */,
				CC4590542C36C42C002E34F6 /* Profile.swift in Sources */,
				CCA7C32D2C36DA6E006C0662 /* LandmarkSettings.swift in Sources */,
				CC4590552C36C42C002E34F6 /* Hike.swift in Sources */,
				CC4590562C36C42C002E34F6 /* LandmarkRow.swift in Sources */,
				CCA7C32A2C36D15C006C0662 /* LandmarkCommands.swift in Sources */,
				CC45905E2C36C531002E34F6 /* LandmarkDetail.swift in Sources */,
				CC4590572C36C42C002E34F6 /* Landmark.swift in Sources */,
				CC4590582C36C42C002E34F6 /* CircleImage.swift in Sources */,
				CC4590592C36C42C002E34F6 /* MapView.swift in Sources */,
				CC45905A2C36C42C002E34F6 /* ModelData.swift in Sources */,
				CC45905B2C36C42C002E34F6 /* FavoriteButton.swift in Sources */,
				CC45905C2C36C42C002E34F6 /* LandmarksApp.swift in Sources */,
				CC45902B2C36C30D002E34F6 /* ContentView.swift in Sources */,
			);
			runOnlyForDeploymentPostprocessing = 0;
		};
		CC4590322C36C30D002E34F6 /* Sources */ = {
			isa = PBXSourcesBuildPhase;
			buildActionMask = 2147483647;
			files = (
				CC45903B2C36C30D002E34F6 /* MacLandmarksTests.swift in Sources */,
			);
			runOnlyForDeploymentPostprocessing = 0;
		};
		CC45903C2C36C30D002E34F6 /* Sources */ = {
			isa = PBXSourcesBuildPhase;
			buildActionMask = 2147483647;
			files = (
				CC4590472C36C30E002E34F6 /* MacLandmarksUITestsLaunchTests.swift in Sources */,
				CC4590452C36C30E002E34F6 /* MacLandmarksUITests.swift in Sources */,
			);
			runOnlyForDeploymentPostprocessing = 0;
		};
		CC8BFD192C2D75A000A45F6D /* Sources */ = {
			isa = PBXSourcesBuildPhase;
			buildActionMask = 2147483647;
			files = (
				CCF2F9352C354C3F0051108C /* CategoryRow.swift in Sources */,
				CCF2F9392C356BD50051108C /* Profile.swift in Sources */,
				CCA7C32B2C36D16A006C0662 /* LandmarkCommands.swift in Sources */,
				CC8BFD232C2D75A000A45F6D /* ContentView.swift in Sources */,
				CCF2F9332C3549EE0051108C /* CategoryHome.swift in Sources */,
				CCF2F9472C357C770051108C /* FeatureCard.swift in Sources */,
				CCD536EF2C32A7C300DD80A2 /* MapView.swift in Sources */,
				CC8BFD212C2D75A000A45F6D /* LandmarksApp.swift in Sources */,
				CCF2F92D2C353F1F0051108C /* GraphCapsule.swift in Sources */,
				CCF2F92F2C353F1F0051108C /* HikeGraph.swift in Sources */,
				CC95251D2C34191B00F8A5CE /* FavoriteButton.swift in Sources */,
				CCF2F94B2C35945D0051108C /* PageControl.swift in Sources */,
				CC9525262C35356700F8A5CE /* RotatedBadgeSymbol.swift in Sources */,
				CCF2F9372C354DFF0051108C /* CategoryItem.swift in Sources */,
				CCF2F9212C3539070051108C /* BadgeSymbol.swift in Sources */,
				CCF2F93E2C356CDB0051108C /* ProfileSummary.swift in Sources */,
				CCF2F9272C353EA00051108C /* Hike.swift in Sources */,
				CCF2F93C2C356C8B0051108C /* ProfileHost.swift in Sources */,
				CC9525192C33EB2300F8A5CE /* LandmarkList.swift in Sources */,
				CCF2F9202C3539070051108C /* Badge.swift in Sources */,
				CCF2F9492C357CD10051108C /* PageView.swift in Sources */,
				CC95251B2C33EEA900F8A5CE /* LandmarkDetail.swift in Sources */,
				CCF2F9422C35745A0051108C /* ProfileEditor.swift in Sources */,
				CCF2F92E2C353F1F0051108C /* HikeDetail.swift in Sources */,
				CCF2F9302C353F1F0051108C /* HikeView.swift in Sources */,
				CCF2F9222C3539070051108C /* HexagonParameters.swift in Sources */,
				CCF2F9452C357AD70051108C /* PageViewController.swift in Sources */,
				CC9525222C352A9000F8A5CE /* BadgeBackground.swift in Sources */,
				CCF2F9402C356DDF0051108C /* HikeBadge.swift in Sources */,
				CCD536ED2C32A50A00DD80A2 /* CircleImage.swift in Sources */,
				CCD536F52C32CA1E00DD80A2 /* Landmark.swift in Sources */,
				CCD536FC2C32D4F800DD80A2 /* LandmarkRow.swift in Sources */,
				CCD536F72C32CEEE00DD80A2 /* ModelData.swift in Sources */,
			);
			runOnlyForDeploymentPostprocessing = 0;
		};
		CC8BFD292C2D75A100A45F6D /* Sources */ = {
			isa = PBXSourcesBuildPhase;
			buildActionMask = 2147483647;
			files = (
				CC8BFD322C2D75A100A45F6D /* LandmarksTests.swift in Sources */,
			);
			runOnlyForDeploymentPostprocessing = 0;
		};
		CC8BFD332C2D75A100A45F6D /* Sources */ = {
			isa = PBXSourcesBuildPhase;
			buildActionMask = 2147483647;
			files = (
				CC8BFD3E2C2D75A100A45F6D /* LandmarksUITestsLaunchTests.swift in Sources */,
				CC8BFD3C2C2D75A100A45F6D /* LandmarksUITests.swift in Sources */,
			);
			runOnlyForDeploymentPostprocessing = 0;
		};
		CCF2F94C2C36B3270051108C /* Sources */ = {
			isa = PBXSourcesBuildPhase;
			buildActionMask = 2147483647;
			files = (
				CCF2F9552C36B3270051108C /* ContentView.swift in Sources */,
				CCF2F9812C36B79E0051108C /* Hike.swift in Sources */,
				CCF2F9822C36B79E0051108C /* Landmark.swift in Sources */,
				CC4590612C36CAAC002E34F6 /* LandmarkList.swift in Sources */,
				CCF2F9832C36B79E0051108C /* ModelData.swift in Sources */,
				CCF2F9842C36B79E0051108C /* LandmarksApp.swift in Sources */,
				CCF2F9852C36B79E0051108C /* LandmarkRow.swift in Sources */,
				CCF2F9872C36B79E0051108C /* MapView.swift in Sources */,
				CCF2F9882C36B79E0051108C /* Profile.swift in Sources */,
				CC4590202C36BDE3002E34F6 /* NotificationController.swift in Sources */,
				CCF2F9892C36B79E0051108C /* CircleImage.swift in Sources */,
				CCF2F98B2C36B8FD0051108C /* LandmarkDetail.swift in Sources */,
				CC45901E2C36BD72002E34F6 /* NotificationView.swift in Sources */,
			);
			runOnlyForDeploymentPostprocessing = 0;
		};
		CCF2F95B2C36B3280051108C /* Sources */ = {
			isa = PBXSourcesBuildPhase;
			buildActionMask = 2147483647;
			files = (
				CCF2F9642C36B3280051108C /* WatchLandmarks_Watch_AppTests.swift in Sources */,
			);
			runOnlyForDeploymentPostprocessing = 0;
		};
		CCF2F9652C36B3280051108C /* Sources */ = {
			isa = PBXSourcesBuildPhase;
			buildActionMask = 2147483647;
			files = (
				CCF2F9702C36B3280051108C /* WatchLandmarks_Watch_AppUITestsLaunchTests.swift in Sources */,
				CCF2F96E2C36B3280051108C /* WatchLandmarks_Watch_AppUITests.swift in Sources */,
			);
			runOnlyForDeploymentPostprocessing = 0;
		};
/* End PBXSourcesBuildPhase section */

/* Begin PBXTargetDependency section */
		CC4590382C36C30D002E34F6 /* PBXTargetDependency */ = {
			isa = PBXTargetDependency;
			target = CC4590252C36C30D002E34F6 /* MacLandmarks */;
			targetProxy = CC4590372C36C30D002E34F6 /* PBXContainerItemProxy */;
		};
		CC4590422C36C30D002E34F6 /* PBXTargetDependency */ = {
			isa = PBXTargetDependency;
			target = CC4590252C36C30D002E34F6 /* MacLandmarks */;
			targetProxy = CC4590412C36C30D002E34F6 /* PBXContainerItemProxy */;
		};
		CC8BFD2F2C2D75A100A45F6D /* PBXTargetDependency */ = {
			isa = PBXTargetDependency;
			target = CC8BFD1C2C2D75A000A45F6D /* Landmarks */;
			targetProxy = CC8BFD2E2C2D75A100A45F6D /* PBXContainerItemProxy */;
		};
		CC8BFD392C2D75A100A45F6D /* PBXTargetDependency */ = {
			isa = PBXTargetDependency;
			target = CC8BFD1C2C2D75A000A45F6D /* Landmarks */;
			targetProxy = CC8BFD382C2D75A100A45F6D /* PBXContainerItemProxy */;
		};
		CCF2F9612C36B3280051108C /* PBXTargetDependency */ = {
			isa = PBXTargetDependency;
			target = CCF2F94F2C36B3270051108C /* WatchLandmarks Watch App */;
			targetProxy = CCF2F9602C36B3280051108C /* PBXContainerItemProxy */;
		};
		CCF2F96B2C36B3280051108C /* PBXTargetDependency */ = {
			isa = PBXTargetDependency;
			target = CCF2F94F2C36B3270051108C /* WatchLandmarks Watch App */;
			targetProxy = CCF2F96A2C36B3280051108C /* PBXContainerItemProxy */;
		};
		CCF2F9722C36B3280051108C /* PBXTargetDependency */ = {
			isa = PBXTargetDependency;
			target = CCF2F94F2C36B3270051108C /* WatchLandmarks Watch App */;
			targetProxy = CCF2F9712C36B3280051108C /* PBXContainerItemProxy */;
		};
/* End PBXTargetDependency section */

/* Begin XCBuildConfiguration section */
		CC4590492C36C30E002E34F6 /* Debug */ = {
			isa = XCBuildConfiguration;
			buildSettings = {
				ASSETCATALOG_COMPILER_APPICON_NAME = AppIcon;
				ASSETCATALOG_COMPILER_GLOBAL_ACCENT_COLOR_NAME = AccentColor;
				CODE_SIGN_ENTITLEMENTS = MacLandmarks/MacLandmarks.entitlements;
				CODE_SIGN_STYLE = Automatic;
				COMBINE_HIDPI_IMAGES = YES;
				CURRENT_PROJECT_VERSION = 1;
				DEVELOPMENT_ASSET_PATHS = "\"MacLandmarks/Preview Content\"";
				DEVELOPMENT_TEAM = 938SKSW69G;
				ENABLE_HARDENED_RUNTIME = YES;
				ENABLE_PREVIEWS = YES;
				GENERATE_INFOPLIST_FILE = YES;
				INFOPLIST_KEY_NSHumanReadableCopyright = "";
				LD_RUNPATH_SEARCH_PATHS = (
					"$(inherited)",
					"@executable_path/../Frameworks",
				);
				MACOSX_DEPLOYMENT_TARGET = 14.5;
				MARKETING_VERSION = 1.0;
				PRODUCT_BUNDLE_IDENTIFIER = dev.knutvalen.MacLandmarks;
				PRODUCT_NAME = "$(TARGET_NAME)";
				SDKROOT = macosx;
				SWIFT_EMIT_LOC_STRINGS = YES;
				SWIFT_VERSION = 5.0;
			};
			name = Debug;
		};
		CC45904A2C36C30E002E34F6 /* Release */ = {
			isa = XCBuildConfiguration;
			buildSettings = {
				ASSETCATALOG_COMPILER_APPICON_NAME = AppIcon;
				ASSETCATALOG_COMPILER_GLOBAL_ACCENT_COLOR_NAME = AccentColor;
				CODE_SIGN_ENTITLEMENTS = MacLandmarks/MacLandmarks.entitlements;
				CODE_SIGN_STYLE = Automatic;
				COMBINE_HIDPI_IMAGES = YES;
				CURRENT_PROJECT_VERSION = 1;
				DEVELOPMENT_ASSET_PATHS = "\"MacLandmarks/Preview Content\"";
				DEVELOPMENT_TEAM = 938SKSW69G;
				ENABLE_HARDENED_RUNTIME = YES;
				ENABLE_PREVIEWS = YES;
				GENERATE_INFOPLIST_FILE = YES;
				INFOPLIST_KEY_NSHumanReadableCopyright = "";
				LD_RUNPATH_SEARCH_PATHS = (
					"$(inherited)",
					"@executable_path/../Frameworks",
				);
				MACOSX_DEPLOYMENT_TARGET = 14.5;
				MARKETING_VERSION = 1.0;
				PRODUCT_BUNDLE_IDENTIFIER = dev.knutvalen.MacLandmarks;
				PRODUCT_NAME = "$(TARGET_NAME)";
				SDKROOT = macosx;
				SWIFT_EMIT_LOC_STRINGS = YES;
				SWIFT_VERSION = 5.0;
			};
			name = Release;
		};
		CC45904C2C36C30E002E34F6 /* Debug */ = {
			isa = XCBuildConfiguration;
			buildSettings = {
				ALWAYS_EMBED_SWIFT_STANDARD_LIBRARIES = YES;
				BUNDLE_LOADER = "$(TEST_HOST)";
				CODE_SIGN_STYLE = Automatic;
				CURRENT_PROJECT_VERSION = 1;
				DEVELOPMENT_TEAM = 938SKSW69G;
				GENERATE_INFOPLIST_FILE = YES;
				MACOSX_DEPLOYMENT_TARGET = 14.5;
				MARKETING_VERSION = 1.0;
				PRODUCT_BUNDLE_IDENTIFIER = dev.knutvalen.MacLandmarksTests;
				PRODUCT_NAME = "$(TARGET_NAME)";
				SDKROOT = macosx;
				SWIFT_EMIT_LOC_STRINGS = NO;
				SWIFT_VERSION = 5.0;
				TEST_HOST = "$(BUILT_PRODUCTS_DIR)/MacLandmarks.app/$(BUNDLE_EXECUTABLE_FOLDER_PATH)/MacLandmarks";
			};
			name = Debug;
		};
		CC45904D2C36C30E002E34F6 /* Release */ = {
			isa = XCBuildConfiguration;
			buildSettings = {
				ALWAYS_EMBED_SWIFT_STANDARD_LIBRARIES = YES;
				BUNDLE_LOADER = "$(TEST_HOST)";
				CODE_SIGN_STYLE = Automatic;
				CURRENT_PROJECT_VERSION = 1;
				DEVELOPMENT_TEAM = 938SKSW69G;
				GENERATE_INFOPLIST_FILE = YES;
				MACOSX_DEPLOYMENT_TARGET = 14.5;
				MARKETING_VERSION = 1.0;
				PRODUCT_BUNDLE_IDENTIFIER = dev.knutvalen.MacLandmarksTests;
				PRODUCT_NAME = "$(TARGET_NAME)";
				SDKROOT = macosx;
				SWIFT_EMIT_LOC_STRINGS = NO;
				SWIFT_VERSION = 5.0;
				TEST_HOST = "$(BUILT_PRODUCTS_DIR)/MacLandmarks.app/$(BUNDLE_EXECUTABLE_FOLDER_PATH)/MacLandmarks";
			};
			name = Release;
		};
		CC45904F2C36C30E002E34F6 /* Debug */ = {
			isa = XCBuildConfiguration;
			buildSettings = {
				ALWAYS_EMBED_SWIFT_STANDARD_LIBRARIES = YES;
				CODE_SIGN_STYLE = Automatic;
				CURRENT_PROJECT_VERSION = 1;
				DEVELOPMENT_TEAM = 938SKSW69G;
				GENERATE_INFOPLIST_FILE = YES;
				MACOSX_DEPLOYMENT_TARGET = 14.5;
				MARKETING_VERSION = 1.0;
				PRODUCT_BUNDLE_IDENTIFIER = dev.knutvalen.MacLandmarksUITests;
				PRODUCT_NAME = "$(TARGET_NAME)";
				SDKROOT = macosx;
				SWIFT_EMIT_LOC_STRINGS = NO;
				SWIFT_VERSION = 5.0;
				TEST_TARGET_NAME = MacLandmarks;
			};
			name = Debug;
		};
		CC4590502C36C30E002E34F6 /* Release */ = {
			isa = XCBuildConfiguration;
			buildSettings = {
				ALWAYS_EMBED_SWIFT_STANDARD_LIBRARIES = YES;
				CODE_SIGN_STYLE = Automatic;
				CURRENT_PROJECT_VERSION = 1;
				DEVELOPMENT_TEAM = 938SKSW69G;
				GENERATE_INFOPLIST_FILE = YES;
				MACOSX_DEPLOYMENT_TARGET = 14.5;
				MARKETING_VERSION = 1.0;
				PRODUCT_BUNDLE_IDENTIFIER = dev.knutvalen.MacLandmarksUITests;
				PRODUCT_NAME = "$(TARGET_NAME)";
				SDKROOT = macosx;
				SWIFT_EMIT_LOC_STRINGS = NO;
				SWIFT_VERSION = 5.0;
				TEST_TARGET_NAME = MacLandmarks;
			};
			name = Release;
		};
		CC8BFD3F2C2D75A100A45F6D /* Debug */ = {
			isa = XCBuildConfiguration;
			buildSettings = {
				ALWAYS_SEARCH_USER_PATHS = NO;
				ASSETCATALOG_COMPILER_GENERATE_SWIFT_ASSET_SYMBOL_EXTENSIONS = YES;
				CLANG_ANALYZER_NONNULL = YES;
				CLANG_ANALYZER_NUMBER_OBJECT_CONVERSION = YES_AGGRESSIVE;
				CLANG_CXX_LANGUAGE_STANDARD = "gnu++20";
				CLANG_ENABLE_MODULES = YES;
				CLANG_ENABLE_OBJC_ARC = YES;
				CLANG_ENABLE_OBJC_WEAK = YES;
				CLANG_WARN_BLOCK_CAPTURE_AUTORELEASING = YES;
				CLANG_WARN_BOOL_CONVERSION = YES;
				CLANG_WARN_COMMA = YES;
				CLANG_WARN_CONSTANT_CONVERSION = YES;
				CLANG_WARN_DEPRECATED_OBJC_IMPLEMENTATIONS = YES;
				CLANG_WARN_DIRECT_OBJC_ISA_USAGE = YES_ERROR;
				CLANG_WARN_DOCUMENTATION_COMMENTS = YES;
				CLANG_WARN_EMPTY_BODY = YES;
				CLANG_WARN_ENUM_CONVERSION = YES;
				CLANG_WARN_INFINITE_RECURSION = YES;
				CLANG_WARN_INT_CONVERSION = YES;
				CLANG_WARN_NON_LITERAL_NULL_CONVERSION = YES;
				CLANG_WARN_OBJC_IMPLICIT_RETAIN_SELF = YES;
				CLANG_WARN_OBJC_LITERAL_CONVERSION = YES;
				CLANG_WARN_OBJC_ROOT_CLASS = YES_ERROR;
				CLANG_WARN_QUOTED_INCLUDE_IN_FRAMEWORK_HEADER = YES;
				CLANG_WARN_RANGE_LOOP_ANALYSIS = YES;
				CLANG_WARN_STRICT_PROTOTYPES = YES;
				CLANG_WARN_SUSPICIOUS_MOVE = YES;
				CLANG_WARN_UNGUARDED_AVAILABILITY = YES_AGGRESSIVE;
				CLANG_WARN_UNREACHABLE_CODE = YES;
				CLANG_WARN__DUPLICATE_METHOD_MATCH = YES;
				COPY_PHASE_STRIP = NO;
				DEBUG_INFORMATION_FORMAT = dwarf;
				ENABLE_STRICT_OBJC_MSGSEND = YES;
				ENABLE_TESTABILITY = YES;
				ENABLE_USER_SCRIPT_SANDBOXING = YES;
				GCC_C_LANGUAGE_STANDARD = gnu17;
				GCC_DYNAMIC_NO_PIC = NO;
				GCC_NO_COMMON_BLOCKS = YES;
				GCC_OPTIMIZATION_LEVEL = 0;
				GCC_PREPROCESSOR_DEFINITIONS = (
					"DEBUG=1",
					"$(inherited)",
				);
				GCC_WARN_64_TO_32_BIT_CONVERSION = YES;
				GCC_WARN_ABOUT_RETURN_TYPE = YES_ERROR;
				GCC_WARN_UNDECLARED_SELECTOR = YES;
				GCC_WARN_UNINITIALIZED_AUTOS = YES_AGGRESSIVE;
				GCC_WARN_UNUSED_FUNCTION = YES;
				GCC_WARN_UNUSED_VARIABLE = YES;
				IPHONEOS_DEPLOYMENT_TARGET = 17.5;
				LOCALIZATION_PREFERS_STRING_CATALOGS = YES;
				MTL_ENABLE_DEBUG_INFO = INCLUDE_SOURCE;
				MTL_FAST_MATH = YES;
				ONLY_ACTIVE_ARCH = YES;
				SDKROOT = iphoneos;
				SWIFT_ACTIVE_COMPILATION_CONDITIONS = "DEBUG $(inherited)";
				SWIFT_OPTIMIZATION_LEVEL = "-Onone";
			};
			name = Debug;
		};
		CC8BFD402C2D75A100A45F6D /* Release */ = {
			isa = XCBuildConfiguration;
			buildSettings = {
				ALWAYS_SEARCH_USER_PATHS = NO;
				ASSETCATALOG_COMPILER_GENERATE_SWIFT_ASSET_SYMBOL_EXTENSIONS = YES;
				CLANG_ANALYZER_NONNULL = YES;
				CLANG_ANALYZER_NUMBER_OBJECT_CONVERSION = YES_AGGRESSIVE;
				CLANG_CXX_LANGUAGE_STANDARD = "gnu++20";
				CLANG_ENABLE_MODULES = YES;
				CLANG_ENABLE_OBJC_ARC = YES;
				CLANG_ENABLE_OBJC_WEAK = YES;
				CLANG_WARN_BLOCK_CAPTURE_AUTORELEASING = YES;
				CLANG_WARN_BOOL_CONVERSION = YES;
				CLANG_WARN_COMMA = YES;
				CLANG_WARN_CONSTANT_CONVERSION = YES;
				CLANG_WARN_DEPRECATED_OBJC_IMPLEMENTATIONS = YES;
				CLANG_WARN_DIRECT_OBJC_ISA_USAGE = YES_ERROR;
				CLANG_WARN_DOCUMENTATION_COMMENTS = YES;
				CLANG_WARN_EMPTY_BODY = YES;
				CLANG_WARN_ENUM_CONVERSION = YES;
				CLANG_WARN_INFINITE_RECURSION = YES;
				CLANG_WARN_INT_CONVERSION = YES;
				CLANG_WARN_NON_LITERAL_NULL_CONVERSION = YES;
				CLANG_WARN_OBJC_IMPLICIT_RETAIN_SELF = YES;
				CLANG_WARN_OBJC_LITERAL_CONVERSION = YES;
				CLANG_WARN_OBJC_ROOT_CLASS = YES_ERROR;
				CLANG_WARN_QUOTED_INCLUDE_IN_FRAMEWORK_HEADER = YES;
				CLANG_WARN_RANGE_LOOP_ANALYSIS = YES;
				CLANG_WARN_STRICT_PROTOTYPES = YES;
				CLANG_WARN_SUSPICIOUS_MOVE = YES;
				CLANG_WARN_UNGUARDED_AVAILABILITY = YES_AGGRESSIVE;
				CLANG_WARN_UNREACHABLE_CODE = YES;
				CLANG_WARN__DUPLICATE_METHOD_MATCH = YES;
				COPY_PHASE_STRIP = NO;
				DEBUG_INFORMATION_FORMAT = "dwarf-with-dsym";
				ENABLE_NS_ASSERTIONS = NO;
				ENABLE_STRICT_OBJC_MSGSEND = YES;
				ENABLE_USER_SCRIPT_SANDBOXING = YES;
				GCC_C_LANGUAGE_STANDARD = gnu17;
				GCC_NO_COMMON_BLOCKS = YES;
				GCC_WARN_64_TO_32_BIT_CONVERSION = YES;
				GCC_WARN_ABOUT_RETURN_TYPE = YES_ERROR;
				GCC_WARN_UNDECLARED_SELECTOR = YES;
				GCC_WARN_UNINITIALIZED_AUTOS = YES_AGGRESSIVE;
				GCC_WARN_UNUSED_FUNCTION = YES;
				GCC_WARN_UNUSED_VARIABLE = YES;
				IPHONEOS_DEPLOYMENT_TARGET = 17.5;
				LOCALIZATION_PREFERS_STRING_CATALOGS = YES;
				MTL_ENABLE_DEBUG_INFO = NO;
				MTL_FAST_MATH = YES;
				SDKROOT = iphoneos;
				SWIFT_COMPILATION_MODE = wholemodule;
				VALIDATE_PRODUCT = YES;
			};
			name = Release;
		};
		CC8BFD422C2D75A100A45F6D /* Debug */ = {
			isa = XCBuildConfiguration;
			buildSettings = {
				ALWAYS_EMBED_SWIFT_STANDARD_LIBRARIES = YES;
				ASSETCATALOG_COMPILER_APPICON_NAME = AppIcon;
				ASSETCATALOG_COMPILER_GLOBAL_ACCENT_COLOR_NAME = AccentColor;
				CODE_SIGN_STYLE = Automatic;
				CURRENT_PROJECT_VERSION = 1;
				DEVELOPMENT_ASSET_PATHS = "\"Landmarks/Preview Content\"";
				DEVELOPMENT_TEAM = 938SKSW69G;
				ENABLE_PREVIEWS = YES;
				GENERATE_INFOPLIST_FILE = YES;
				INFOPLIST_KEY_UIApplicationSceneManifest_Generation = YES;
				INFOPLIST_KEY_UIApplicationSupportsIndirectInputEvents = YES;
				INFOPLIST_KEY_UILaunchScreen_Generation = YES;
				INFOPLIST_KEY_UISupportedInterfaceOrientations_iPad = "UIInterfaceOrientationPortrait UIInterfaceOrientationPortraitUpsideDown UIInterfaceOrientationLandscapeLeft UIInterfaceOrientationLandscapeRight";
				INFOPLIST_KEY_UISupportedInterfaceOrientations_iPhone = "UIInterfaceOrientationPortrait UIInterfaceOrientationLandscapeLeft UIInterfaceOrientationLandscapeRight";
				LD_RUNPATH_SEARCH_PATHS = (
					"$(inherited)",
					"@executable_path/Frameworks",
				);
				MARKETING_VERSION = 1.0;
				PRODUCT_BUNDLE_IDENTIFIER = dev.knutvalen.Landmarks;
				PRODUCT_NAME = "$(TARGET_NAME)";
				SWIFT_EMIT_LOC_STRINGS = YES;
				SWIFT_VERSION = 5.0;
				TARGETED_DEVICE_FAMILY = "1,2";
			};
			name = Debug;
		};
		CC8BFD432C2D75A100A45F6D /* Release */ = {
			isa = XCBuildConfiguration;
			buildSettings = {
				ALWAYS_EMBED_SWIFT_STANDARD_LIBRARIES = YES;
				ASSETCATALOG_COMPILER_APPICON_NAME = AppIcon;
				ASSETCATALOG_COMPILER_GLOBAL_ACCENT_COLOR_NAME = AccentColor;
				CODE_SIGN_STYLE = Automatic;
				CURRENT_PROJECT_VERSION = 1;
				DEVELOPMENT_ASSET_PATHS = "\"Landmarks/Preview Content\"";
				DEVELOPMENT_TEAM = 938SKSW69G;
				ENABLE_PREVIEWS = YES;
				GENERATE_INFOPLIST_FILE = YES;
				INFOPLIST_KEY_UIApplicationSceneManifest_Generation = YES;
				INFOPLIST_KEY_UIApplicationSupportsIndirectInputEvents = YES;
				INFOPLIST_KEY_UILaunchScreen_Generation = YES;
				INFOPLIST_KEY_UISupportedInterfaceOrientations_iPad = "UIInterfaceOrientationPortrait UIInterfaceOrientationPortraitUpsideDown UIInterfaceOrientationLandscapeLeft UIInterfaceOrientationLandscapeRight";
				INFOPLIST_KEY_UISupportedInterfaceOrientations_iPhone = "UIInterfaceOrientationPortrait UIInterfaceOrientationLandscapeLeft UIInterfaceOrientationLandscapeRight";
				LD_RUNPATH_SEARCH_PATHS = (
					"$(inherited)",
					"@executable_path/Frameworks",
				);
				MARKETING_VERSION = 1.0;
				PRODUCT_BUNDLE_IDENTIFIER = dev.knutvalen.Landmarks;
				PRODUCT_NAME = "$(TARGET_NAME)";
				SWIFT_EMIT_LOC_STRINGS = YES;
				SWIFT_VERSION = 5.0;
				TARGETED_DEVICE_FAMILY = "1,2";
			};
			name = Release;
		};
		CC8BFD452C2D75A100A45F6D /* Debug */ = {
			isa = XCBuildConfiguration;
			buildSettings = {
				ALWAYS_EMBED_SWIFT_STANDARD_LIBRARIES = YES;
				BUNDLE_LOADER = "$(TEST_HOST)";
				CODE_SIGN_STYLE = Automatic;
				CURRENT_PROJECT_VERSION = 1;
				DEVELOPMENT_TEAM = 938SKSW69G;
				GENERATE_INFOPLIST_FILE = YES;
				IPHONEOS_DEPLOYMENT_TARGET = 17.5;
				MARKETING_VERSION = 1.0;
				PRODUCT_BUNDLE_IDENTIFIER = dev.knutvalen.LandmarksTests;
				PRODUCT_NAME = "$(TARGET_NAME)";
				SWIFT_EMIT_LOC_STRINGS = NO;
				SWIFT_VERSION = 5.0;
				TARGETED_DEVICE_FAMILY = "1,2";
				TEST_HOST = "$(BUILT_PRODUCTS_DIR)/Landmarks.app/$(BUNDLE_EXECUTABLE_FOLDER_PATH)/Landmarks";
			};
			name = Debug;
		};
		CC8BFD462C2D75A100A45F6D /* Release */ = {
			isa = XCBuildConfiguration;
			buildSettings = {
				ALWAYS_EMBED_SWIFT_STANDARD_LIBRARIES = YES;
				BUNDLE_LOADER = "$(TEST_HOST)";
				CODE_SIGN_STYLE = Automatic;
				CURRENT_PROJECT_VERSION = 1;
				DEVELOPMENT_TEAM = 938SKSW69G;
				GENERATE_INFOPLIST_FILE = YES;
				IPHONEOS_DEPLOYMENT_TARGET = 17.5;
				MARKETING_VERSION = 1.0;
				PRODUCT_BUNDLE_IDENTIFIER = dev.knutvalen.LandmarksTests;
				PRODUCT_NAME = "$(TARGET_NAME)";
				SWIFT_EMIT_LOC_STRINGS = NO;
				SWIFT_VERSION = 5.0;
				TARGETED_DEVICE_FAMILY = "1,2";
				TEST_HOST = "$(BUILT_PRODUCTS_DIR)/Landmarks.app/$(BUNDLE_EXECUTABLE_FOLDER_PATH)/Landmarks";
			};
			name = Release;
		};
		CC8BFD482C2D75A100A45F6D /* Debug */ = {
			isa = XCBuildConfiguration;
			buildSettings = {
				ALWAYS_EMBED_SWIFT_STANDARD_LIBRARIES = YES;
				CODE_SIGN_STYLE = Automatic;
				CURRENT_PROJECT_VERSION = 1;
				DEVELOPMENT_TEAM = 938SKSW69G;
				GENERATE_INFOPLIST_FILE = YES;
				MARKETING_VERSION = 1.0;
				PRODUCT_BUNDLE_IDENTIFIER = dev.knutvalen.LandmarksUITests;
				PRODUCT_NAME = "$(TARGET_NAME)";
				SWIFT_EMIT_LOC_STRINGS = NO;
				SWIFT_VERSION = 5.0;
				TARGETED_DEVICE_FAMILY = "1,2";
				TEST_TARGET_NAME = Landmarks;
			};
			name = Debug;
		};
		CC8BFD492C2D75A100A45F6D /* Release */ = {
			isa = XCBuildConfiguration;
			buildSettings = {
				ALWAYS_EMBED_SWIFT_STANDARD_LIBRARIES = YES;
				CODE_SIGN_STYLE = Automatic;
				CURRENT_PROJECT_VERSION = 1;
				DEVELOPMENT_TEAM = 938SKSW69G;
				GENERATE_INFOPLIST_FILE = YES;
				MARKETING_VERSION = 1.0;
				PRODUCT_BUNDLE_IDENTIFIER = dev.knutvalen.LandmarksUITests;
				PRODUCT_NAME = "$(TARGET_NAME)";
				SWIFT_EMIT_LOC_STRINGS = NO;
				SWIFT_VERSION = 5.0;
				TARGETED_DEVICE_FAMILY = "1,2";
				TEST_TARGET_NAME = Landmarks;
			};
			name = Release;
		};
		CCF2F9752C36B3280051108C /* Debug */ = {
			isa = XCBuildConfiguration;
			buildSettings = {
				ASSETCATALOG_COMPILER_APPICON_NAME = AppIcon;
				ASSETCATALOG_COMPILER_GLOBAL_ACCENT_COLOR_NAME = AccentColor;
				CODE_SIGN_STYLE = Automatic;
				CURRENT_PROJECT_VERSION = 1;
				DEVELOPMENT_ASSET_PATHS = "\"WatchLandmarks Watch App/Preview Content\"";
				DEVELOPMENT_TEAM = 938SKSW69G;
				ENABLE_PREVIEWS = YES;
				GENERATE_INFOPLIST_FILE = YES;
				INFOPLIST_KEY_CFBundleDisplayName = WatchLandmarks;
				INFOPLIST_KEY_UISupportedInterfaceOrientations = "UIInterfaceOrientationPortrait UIInterfaceOrientationPortraitUpsideDown";
				INFOPLIST_KEY_WKCompanionAppBundleIdentifier = dev.knutvalen.Landmarks;
				INFOPLIST_KEY_WKRunsIndependentlyOfCompanionApp = YES;
				LD_RUNPATH_SEARCH_PATHS = (
					"$(inherited)",
					"@executable_path/Frameworks",
				);
				MARKETING_VERSION = 1.0;
				PRODUCT_BUNDLE_IDENTIFIER = dev.knutvalen.Landmarks.watchkitapp;
				PRODUCT_NAME = "$(TARGET_NAME)";
				SDKROOT = watchos;
				SKIP_INSTALL = YES;
				SWIFT_EMIT_LOC_STRINGS = YES;
				SWIFT_VERSION = 5.0;
				TARGETED_DEVICE_FAMILY = 4;
				WATCHOS_DEPLOYMENT_TARGET = 10.5;
			};
			name = Debug;
		};
		CCF2F9762C36B3280051108C /* Release */ = {
			isa = XCBuildConfiguration;
			buildSettings = {
				ASSETCATALOG_COMPILER_APPICON_NAME = AppIcon;
				ASSETCATALOG_COMPILER_GLOBAL_ACCENT_COLOR_NAME = AccentColor;
				CODE_SIGN_STYLE = Automatic;
				CURRENT_PROJECT_VERSION = 1;
				DEVELOPMENT_ASSET_PATHS = "\"WatchLandmarks Watch App/Preview Content\"";
				DEVELOPMENT_TEAM = 938SKSW69G;
				ENABLE_PREVIEWS = YES;
				GENERATE_INFOPLIST_FILE = YES;
				INFOPLIST_KEY_CFBundleDisplayName = WatchLandmarks;
				INFOPLIST_KEY_UISupportedInterfaceOrientations = "UIInterfaceOrientationPortrait UIInterfaceOrientationPortraitUpsideDown";
				INFOPLIST_KEY_WKCompanionAppBundleIdentifier = dev.knutvalen.Landmarks;
				INFOPLIST_KEY_WKRunsIndependentlyOfCompanionApp = YES;
				LD_RUNPATH_SEARCH_PATHS = (
					"$(inherited)",
					"@executable_path/Frameworks",
				);
				MARKETING_VERSION = 1.0;
				PRODUCT_BUNDLE_IDENTIFIER = dev.knutvalen.Landmarks.watchkitapp;
				PRODUCT_NAME = "$(TARGET_NAME)";
				SDKROOT = watchos;
				SKIP_INSTALL = YES;
				SWIFT_EMIT_LOC_STRINGS = YES;
				SWIFT_VERSION = 5.0;
				TARGETED_DEVICE_FAMILY = 4;
				WATCHOS_DEPLOYMENT_TARGET = 10.5;
			};
			name = Release;
		};
		CCF2F9792C36B3280051108C /* Debug */ = {
			isa = XCBuildConfiguration;
			buildSettings = {
				ALWAYS_EMBED_SWIFT_STANDARD_LIBRARIES = YES;
				BUNDLE_LOADER = "$(TEST_HOST)";
				CODE_SIGN_STYLE = Automatic;
				CURRENT_PROJECT_VERSION = 1;
				DEVELOPMENT_TEAM = 938SKSW69G;
				GENERATE_INFOPLIST_FILE = YES;
				MARKETING_VERSION = 1.0;
				PRODUCT_BUNDLE_IDENTIFIER = "dev.knutvalen.WatchLandmarks-Watch-AppTests";
				PRODUCT_NAME = "$(TARGET_NAME)";
				SDKROOT = watchos;
				SWIFT_EMIT_LOC_STRINGS = NO;
				SWIFT_VERSION = 5.0;
				TARGETED_DEVICE_FAMILY = 4;
				TEST_HOST = "$(BUILT_PRODUCTS_DIR)/WatchLandmarks Watch App.app/$(BUNDLE_EXECUTABLE_FOLDER_PATH)/WatchLandmarks Watch App";
				WATCHOS_DEPLOYMENT_TARGET = 10.5;
			};
			name = Debug;
		};
		CCF2F97A2C36B3280051108C /* Release */ = {
			isa = XCBuildConfiguration;
			buildSettings = {
				ALWAYS_EMBED_SWIFT_STANDARD_LIBRARIES = YES;
				BUNDLE_LOADER = "$(TEST_HOST)";
				CODE_SIGN_STYLE = Automatic;
				CURRENT_PROJECT_VERSION = 1;
				DEVELOPMENT_TEAM = 938SKSW69G;
				GENERATE_INFOPLIST_FILE = YES;
				MARKETING_VERSION = 1.0;
				PRODUCT_BUNDLE_IDENTIFIER = "dev.knutvalen.WatchLandmarks-Watch-AppTests";
				PRODUCT_NAME = "$(TARGET_NAME)";
				SDKROOT = watchos;
				SWIFT_EMIT_LOC_STRINGS = NO;
				SWIFT_VERSION = 5.0;
				TARGETED_DEVICE_FAMILY = 4;
				TEST_HOST = "$(BUILT_PRODUCTS_DIR)/WatchLandmarks Watch App.app/$(BUNDLE_EXECUTABLE_FOLDER_PATH)/WatchLandmarks Watch App";
				WATCHOS_DEPLOYMENT_TARGET = 10.5;
			};
			name = Release;
		};
		CCF2F97C2C36B3280051108C /* Debug */ = {
			isa = XCBuildConfiguration;
			buildSettings = {
				ALWAYS_EMBED_SWIFT_STANDARD_LIBRARIES = YES;
				CODE_SIGN_STYLE = Automatic;
				CURRENT_PROJECT_VERSION = 1;
				DEVELOPMENT_TEAM = 938SKSW69G;
				GENERATE_INFOPLIST_FILE = YES;
				MARKETING_VERSION = 1.0;
				PRODUCT_BUNDLE_IDENTIFIER = "dev.knutvalen.WatchLandmarks-Watch-AppUITests";
				PRODUCT_NAME = "$(TARGET_NAME)";
				SDKROOT = watchos;
				SWIFT_EMIT_LOC_STRINGS = NO;
				SWIFT_VERSION = 5.0;
				TARGETED_DEVICE_FAMILY = 4;
				TEST_TARGET_NAME = "WatchLandmarks Watch App";
				WATCHOS_DEPLOYMENT_TARGET = 10.5;
			};
			name = Debug;
		};
		CCF2F97D2C36B3280051108C /* Release */ = {
			isa = XCBuildConfiguration;
			buildSettings = {
				ALWAYS_EMBED_SWIFT_STANDARD_LIBRARIES = YES;
				CODE_SIGN_STYLE = Automatic;
				CURRENT_PROJECT_VERSION = 1;
				DEVELOPMENT_TEAM = 938SKSW69G;
				GENERATE_INFOPLIST_FILE = YES;
				MARKETING_VERSION = 1.0;
				PRODUCT_BUNDLE_IDENTIFIER = "dev.knutvalen.WatchLandmarks-Watch-AppUITests";
				PRODUCT_NAME = "$(TARGET_NAME)";
				SDKROOT = watchos;
				SWIFT_EMIT_LOC_STRINGS = NO;
				SWIFT_VERSION = 5.0;
				TARGETED_DEVICE_FAMILY = 4;
				TEST_TARGET_NAME = "WatchLandmarks Watch App";
				WATCHOS_DEPLOYMENT_TARGET = 10.5;
			};
			name = Release;
		};
/* End XCBuildConfiguration section */

/* Begin XCConfigurationList section */
		CC4590482C36C30E002E34F6 /* Build configuration list for PBXNativeTarget "MacLandmarks" */ = {
			isa = XCConfigurationList;
			buildConfigurations = (
				CC4590492C36C30E002E34F6 /* Debug */,
				CC45904A2C36C30E002E34F6 /* Release */,
			);
			defaultConfigurationIsVisible = 0;
			defaultConfigurationName = Release;
		};
		CC45904B2C36C30E002E34F6 /* Build configuration list for PBXNativeTarget "MacLandmarksTests" */ = {
			isa = XCConfigurationList;
			buildConfigurations = (
				CC45904C2C36C30E002E34F6 /* Debug */,
				CC45904D2C36C30E002E34F6 /* Release */,
			);
			defaultConfigurationIsVisible = 0;
			defaultConfigurationName = Release;
		};
		CC45904E2C36C30E002E34F6 /* Build configuration list for PBXNativeTarget "MacLandmarksUITests" */ = {
			isa = XCConfigurationList;
			buildConfigurations = (
				CC45904F2C36C30E002E34F6 /* Debug */,
				CC4590502C36C30E002E34F6 /* Release */,
			);
			defaultConfigurationIsVisible = 0;
			defaultConfigurationName = Release;
		};
		CC8BFD182C2D75A000A45F6D /* Build configuration list for PBXProject "Landmarks" */ = {
			isa = XCConfigurationList;
			buildConfigurations = (
				CC8BFD3F2C2D75A100A45F6D /* Debug */,
				CC8BFD402C2D75A100A45F6D /* Release */,
			);
			defaultConfigurationIsVisible = 0;
			defaultConfigurationName = Release;
		};
		CC8BFD412C2D75A100A45F6D /* Build configuration list for PBXNativeTarget "Landmarks" */ = {
			isa = XCConfigurationList;
			buildConfigurations = (
				CC8BFD422C2D75A100A45F6D /* Debug */,
				CC8BFD432C2D75A100A45F6D /* Release */,
			);
			defaultConfigurationIsVisible = 0;
			defaultConfigurationName = Release;
		};
		CC8BFD442C2D75A100A45F6D /* Build configuration list for PBXNativeTarget "LandmarksTests" */ = {
			isa = XCConfigurationList;
			buildConfigurations = (
				CC8BFD452C2D75A100A45F6D /* Debug */,
				CC8BFD462C2D75A100A45F6D /* Release */,
			);
			defaultConfigurationIsVisible = 0;
			defaultConfigurationName = Release;
		};
		CC8BFD472C2D75A100A45F6D /* Build configuration list for PBXNativeTarget "LandmarksUITests" */ = {
			isa = XCConfigurationList;
			buildConfigurations = (
				CC8BFD482C2D75A100A45F6D /* Debug */,
				CC8BFD492C2D75A100A45F6D /* Release */,
			);
			defaultConfigurationIsVisible = 0;
			defaultConfigurationName = Release;
		};
		CCF2F9742C36B3280051108C /* Build configuration list for PBXNativeTarget "WatchLandmarks Watch App" */ = {
			isa = XCConfigurationList;
			buildConfigurations = (
				CCF2F9752C36B3280051108C /* Debug */,
				CCF2F9762C36B3280051108C /* Release */,
			);
			defaultConfigurationIsVisible = 0;
			defaultConfigurationName = Release;
		};
		CCF2F9782C36B3280051108C /* Build configuration list for PBXNativeTarget "WatchLandmarks Watch AppTests" */ = {
			isa = XCConfigurationList;
			buildConfigurations = (
				CCF2F9792C36B3280051108C /* Debug */,
				CCF2F97A2C36B3280051108C /* Release */,
			);
			defaultConfigurationIsVisible = 0;
			defaultConfigurationName = Release;
		};
		CCF2F97B2C36B3280051108C /* Build configuration list for PBXNativeTarget "WatchLandmarks Watch AppUITests" */ = {
			isa = XCConfigurationList;
			buildConfigurations = (
				CCF2F97C2C36B3280051108C /* Debug */,
				CCF2F97D2C36B3280051108C /* Release */,
			);
			defaultConfigurationIsVisible = 0;
			defaultConfigurationName = Release;
		};
/* End XCConfigurationList section */
	};
	rootObject = CC8BFD152C2D75A000A45F6D /* Project object */;
}
