// !$*UTF8*$!
{
	archiveVersion = 1;
	classes = {
	};
	objectVersion = 56;
	objects = {

/* Begin PBXBuildFile section */
		CC8BFD212C2D75A000A45F6D /* LandmarksApp.swift in Sources */ = {isa = PBXBuildFile; fileRef = CC8BFD202C2D75A000A45F6D /* LandmarksApp.swift */; };
		CC8BFD232C2D75A000A45F6D /* ContentView.swift in Sources */ = {isa = PBXBuildFile; fileRef = CC8BFD222C2D75A000A45F6D /* ContentView.swift */; };
		CC8BFD252C2D75A100A45F6D /* Assets.xcassets in Resources */ = {isa = PBXBuildFile; fileRef = CC8BFD242C2D75A100A45F6D /* Assets.xcassets */; };
		CC8BFD282C2D75A100A45F6D /* Preview Assets.xcassets in Resources */ = {isa = PBXBuildFile; fileRef = CC8BFD272C2D75A100A45F6D /* Preview Assets.xcassets */; };
		CC8BFD322C2D75A100A45F6D /* LandmarksTests.swift in Sources */ = {isa = PBXBuildFile; fileRef = CC8BFD312C2D75A100A45F6D /* LandmarksTests.swift */; };
		CC8BFD3C2C2D75A100A45F6D /* LandmarksUITests.swift in Sources */ = {isa = PBXBuildFile; fileRef = CC8BFD3B2C2D75A100A45F6D /* LandmarksUITests.swift */; };
		CC8BFD3E2C2D75A100A45F6D /* LandmarksUITestsLaunchTests.swift in Sources */ = {isa = PBXBuildFile; fileRef = CC8BFD3D2C2D75A100A45F6D /* LandmarksUITestsLaunchTests.swift */; };
		CC9525192C33EB2300F8A5CE /* LandmarkList.swift in Sources */ = {isa = PBXBuildFile; fileRef = CC9525182C33EB2300F8A5CE /* LandmarkList.swift */; };
		CC95251B2C33EEA900F8A5CE /* LandmarkDetail.swift in Sources */ = {isa = PBXBuildFile; fileRef = CC95251A2C33EEA900F8A5CE /* LandmarkDetail.swift */; };
		CC95251D2C34191B00F8A5CE /* FavoriteButton.swift in Sources */ = {isa = PBXBuildFile; fileRef = CC95251C2C34191B00F8A5CE /* FavoriteButton.swift */; };
		CC9525222C352A9000F8A5CE /* BadgeBackground.swift in Sources */ = {isa = PBXBuildFile; fileRef = CC9525212C352A9000F8A5CE /* BadgeBackground.swift */; };
		CC9525262C35356700F8A5CE /* RotatedBadgeSymbol.swift in Sources */ = {isa = PBXBuildFile; fileRef = CC9525252C35356700F8A5CE /* RotatedBadgeSymbol.swift */; };
		CCD536ED2C32A50A00DD80A2 /* CircleImage.swift in Sources */ = {isa = PBXBuildFile; fileRef = CCD536EC2C32A50A00DD80A2 /* CircleImage.swift */; };
		CCD536EF2C32A7C300DD80A2 /* MapView.swift in Sources */ = {isa = PBXBuildFile; fileRef = CCD536EE2C32A7C300DD80A2 /* MapView.swift */; };
		CCD536F32C32C9F800DD80A2 /* landmarkData.json in Resources */ = {isa = PBXBuildFile; fileRef = CCD536F22C32C9F800DD80A2 /* landmarkData.json */; };
		CCD536F52C32CA1E00DD80A2 /* Landmark.swift in Sources */ = {isa = PBXBuildFile; fileRef = CCD536F42C32CA1E00DD80A2 /* Landmark.swift */; };
		CCD536F72C32CEEE00DD80A2 /* ModelData.swift in Sources */ = {isa = PBXBuildFile; fileRef = CCD536F62C32CEEE00DD80A2 /* ModelData.swift */; };
		CCD536FC2C32D4F800DD80A2 /* LandmarkRow.swift in Sources */ = {isa = PBXBuildFile; fileRef = CCD536FB2C32D4F800DD80A2 /* LandmarkRow.swift */; };
		CCF2F9202C3539070051108C /* Badge.swift in Sources */ = {isa = PBXBuildFile; fileRef = CCF2F91D2C3539070051108C /* Badge.swift */; };
		CCF2F9212C3539070051108C /* BadgeSymbol.swift in Sources */ = {isa = PBXBuildFile; fileRef = CCF2F91E2C3539070051108C /* BadgeSymbol.swift */; };
		CCF2F9222C3539070051108C /* HexagonParameters.swift in Sources */ = {isa = PBXBuildFile; fileRef = CCF2F91F2C3539070051108C /* HexagonParameters.swift */; };
		CCF2F9252C353E730051108C /* hikeData.json in Resources */ = {isa = PBXBuildFile; fileRef = CCF2F9242C353E730051108C /* hikeData.json */; };
		CCF2F9272C353EA00051108C /* Hike.swift in Sources */ = {isa = PBXBuildFile; fileRef = CCF2F9262C353EA00051108C /* Hike.swift */; };
		CCF2F92D2C353F1F0051108C /* GraphCapsule.swift in Sources */ = {isa = PBXBuildFile; fileRef = CCF2F9282C353F1F0051108C /* GraphCapsule.swift */; };
		CCF2F92E2C353F1F0051108C /* HikeDetail.swift in Sources */ = {isa = PBXBuildFile; fileRef = CCF2F9292C353F1F0051108C /* HikeDetail.swift */; };
		CCF2F92F2C353F1F0051108C /* HikeGraph.swift in Sources */ = {isa = PBXBuildFile; fileRef = CCF2F92A2C353F1F0051108C /* HikeGraph.swift */; };
		CCF2F9302C353F1F0051108C /* HikeView.swift in Sources */ = {isa = PBXBuildFile; fileRef = CCF2F92B2C353F1F0051108C /* HikeView.swift */; };
		CCF2F9332C3549EE0051108C /* CategoryHome.swift in Sources */ = {isa = PBXBuildFile; fileRef = CCF2F9322C3549EE0051108C /* CategoryHome.swift */; };
		CCF2F9352C354C3F0051108C /* CategoryRow.swift in Sources */ = {isa = PBXBuildFile; fileRef = CCF2F9342C354C3F0051108C /* CategoryRow.swift */; };
		CCF2F9372C354DFF0051108C /* CategoryItem.swift in Sources */ = {isa = PBXBuildFile; fileRef = CCF2F9362C354DFF0051108C /* CategoryItem.swift */; };
/* End PBXBuildFile section */

/* Begin PBXContainerItemProxy section */
		CC8BFD2E2C2D75A100A45F6D /* PBXContainerItemProxy */ = {
			isa = PBXContainerItemProxy;
			containerPortal = CC8BFD152C2D75A000A45F6D /* Project object */;
			proxyType = 1;
			remoteGlobalIDString = CC8BFD1C2C2D75A000A45F6D;
			remoteInfo = Landmarks;
		};
		CC8BFD382C2D75A100A45F6D /* PBXContainerItemProxy */ = {
			isa = PBXContainerItemProxy;
			containerPortal = CC8BFD152C2D75A000A45F6D /* Project object */;
			proxyType = 1;
			remoteGlobalIDString = CC8BFD1C2C2D75A000A45F6D;
			remoteInfo = Landmarks;
		};
/* End PBXContainerItemProxy section */

/* Begin PBXFileReference section */
		CC8BFD1D2C2D75A000A45F6D /* Landmarks.app */ = {isa = PBXFileReference; explicitFileType = wrapper.application; includeInIndex = 0; path = Landmarks.app; sourceTree = BUILT_PRODUCTS_DIR; };
		CC8BFD202C2D75A000A45F6D /* LandmarksApp.swift */ = {isa = PBXFileReference; lastKnownFileType = sourcecode.swift; path = LandmarksApp.swift; sourceTree = "<group>"; };
		CC8BFD222C2D75A000A45F6D /* ContentView.swift */ = {isa = PBXFileReference; lastKnownFileType = sourcecode.swift; path = ContentView.swift; sourceTree = "<group>"; };
		CC8BFD242C2D75A100A45F6D /* Assets.xcassets */ = {isa = PBXFileReference; lastKnownFileType = folder.assetcatalog; path = Assets.xcassets; sourceTree = "<group>"; };
		CC8BFD272C2D75A100A45F6D /* Preview Assets.xcassets */ = {isa = PBXFileReference; lastKnownFileType = folder.assetcatalog; path = "Preview Assets.xcassets"; sourceTree = "<group>"; };
		CC8BFD2D2C2D75A100A45F6D /* LandmarksTests.xctest */ = {isa = PBXFileReference; explicitFileType = wrapper.cfbundle; includeInIndex = 0; path = LandmarksTests.xctest; sourceTree = BUILT_PRODUCTS_DIR; };
		CC8BFD312C2D75A100A45F6D /* LandmarksTests.swift */ = {isa = PBXFileReference; lastKnownFileType = sourcecode.swift; path = LandmarksTests.swift; sourceTree = "<group>"; };
		CC8BFD372C2D75A100A45F6D /* LandmarksUITests.xctest */ = {isa = PBXFileReference; explicitFileType = wrapper.cfbundle; includeInIndex = 0; path = LandmarksUITests.xctest; sourceTree = BUILT_PRODUCTS_DIR; };
		CC8BFD3B2C2D75A100A45F6D /* LandmarksUITests.swift */ = {isa = PBXFileReference; lastKnownFileType = sourcecode.swift; path = LandmarksUITests.swift; sourceTree = "<group>"; };
		CC8BFD3D2C2D75A100A45F6D /* LandmarksUITestsLaunchTests.swift */ = {isa = PBXFileReference; lastKnownFileType = sourcecode.swift; path = LandmarksUITestsLaunchTests.swift; sourceTree = "<group>"; };
		CC9525182C33EB2300F8A5CE /* LandmarkList.swift */ = {isa = PBXFileReference; lastKnownFileType = sourcecode.swift; path = LandmarkList.swift; sourceTree = "<group>"; };
		CC95251A2C33EEA900F8A5CE /* LandmarkDetail.swift */ = {isa = PBXFileReference; lastKnownFileType = sourcecode.swift; path = LandmarkDetail.swift; sourceTree = "<group>"; };
		CC95251C2C34191B00F8A5CE /* FavoriteButton.swift */ = {isa = PBXFileReference; lastKnownFileType = sourcecode.swift; path = FavoriteButton.swift; sourceTree = "<group>"; };
		CC9525212C352A9000F8A5CE /* BadgeBackground.swift */ = {isa = PBXFileReference; lastKnownFileType = sourcecode.swift; path = BadgeBackground.swift; sourceTree = "<group>"; };
		CC9525252C35356700F8A5CE /* RotatedBadgeSymbol.swift */ = {isa = PBXFileReference; lastKnownFileType = sourcecode.swift; path = RotatedBadgeSymbol.swift; sourceTree = "<group>"; };
		CCD536EC2C32A50A00DD80A2 /* CircleImage.swift */ = {isa = PBXFileReference; lastKnownFileType = sourcecode.swift; path = CircleImage.swift; sourceTree = "<group>"; };
		CCD536EE2C32A7C300DD80A2 /* MapView.swift */ = {isa = PBXFileReference; lastKnownFileType = sourcecode.swift; path = MapView.swift; sourceTree = "<group>"; };
		CCD536F22C32C9F800DD80A2 /* landmarkData.json */ = {isa = PBXFileReference; fileEncoding = 4; lastKnownFileType = text.json; path = landmarkData.json; sourceTree = "<group>"; };
		CCD536F42C32CA1E00DD80A2 /* Landmark.swift */ = {isa = PBXFileReference; lastKnownFileType = sourcecode.swift; path = Landmark.swift; sourceTree = "<group>"; };
		CCD536F62C32CEEE00DD80A2 /* ModelData.swift */ = {isa = PBXFileReference; lastKnownFileType = sourcecode.swift; path = ModelData.swift; sourceTree = "<group>"; };
		CCD536FB2C32D4F800DD80A2 /* LandmarkRow.swift */ = {isa = PBXFileReference; lastKnownFileType = sourcecode.swift; path = LandmarkRow.swift; sourceTree = "<group>"; };
		CCF2F91D2C3539070051108C /* Badge.swift */ = {isa = PBXFileReference; fileEncoding = 4; lastKnownFileType = sourcecode.swift; path = Badge.swift; sourceTree = "<group>"; };
		CCF2F91E2C3539070051108C /* BadgeSymbol.swift */ = {isa = PBXFileReference; fileEncoding = 4; lastKnownFileType = sourcecode.swift; path = BadgeSymbol.swift; sourceTree = "<group>"; };
		CCF2F91F2C3539070051108C /* HexagonParameters.swift */ = {isa = PBXFileReference; fileEncoding = 4; lastKnownFileType = sourcecode.swift; path = HexagonParameters.swift; sourceTree = "<group>"; };
		CCF2F9242C353E730051108C /* hikeData.json */ = {isa = PBXFileReference; fileEncoding = 4; lastKnownFileType = text.json; path = hikeData.json; sourceTree = "<group>"; };
		CCF2F9262C353EA00051108C /* Hike.swift */ = {isa = PBXFileReference; lastKnownFileType = sourcecode.swift; name = Hike.swift; path = Landmarks/Resources/Hike.swift; sourceTree = SOURCE_ROOT; };
		CCF2F9282C353F1F0051108C /* GraphCapsule.swift */ = {isa = PBXFileReference; fileEncoding = 4; lastKnownFileType = sourcecode.swift; path = GraphCapsule.swift; sourceTree = "<group>"; };
		CCF2F9292C353F1F0051108C /* HikeDetail.swift */ = {isa = PBXFileReference; fileEncoding = 4; lastKnownFileType = sourcecode.swift; path = HikeDetail.swift; sourceTree = "<group>"; };
		CCF2F92A2C353F1F0051108C /* HikeGraph.swift */ = {isa = PBXFileReference; fileEncoding = 4; lastKnownFileType = sourcecode.swift; path = HikeGraph.swift; sourceTree = "<group>"; };
		CCF2F92B2C353F1F0051108C /* HikeView.swift */ = {isa = PBXFileReference; fileEncoding = 4; lastKnownFileType = sourcecode.swift; path = HikeView.swift; sourceTree = "<group>"; };
		CCF2F9322C3549EE0051108C /* CategoryHome.swift */ = {isa = PBXFileReference; lastKnownFileType = sourcecode.swift; path = CategoryHome.swift; sourceTree = "<group>"; };
		CCF2F9342C354C3F0051108C /* CategoryRow.swift */ = {isa = PBXFileReference; lastKnownFileType = sourcecode.swift; path = CategoryRow.swift; sourceTree = "<group>"; };
		CCF2F9362C354DFF0051108C /* CategoryItem.swift */ = {isa = PBXFileReference; lastKnownFileType = sourcecode.swift; path = CategoryItem.swift; sourceTree = "<group>"; };
/* End PBXFileReference section */

/* Begin PBXFrameworksBuildPhase section */
		CC8BFD1A2C2D75A000A45F6D /* Frameworks */ = {
			isa = PBXFrameworksBuildPhase;
			buildActionMask = 2147483647;
			files = (
			);
			runOnlyForDeploymentPostprocessing = 0;
		};
		CC8BFD2A2C2D75A100A45F6D /* Frameworks */ = {
			isa = PBXFrameworksBuildPhase;
			buildActionMask = 2147483647;
			files = (
			);
			runOnlyForDeploymentPostprocessing = 0;
		};
		CC8BFD342C2D75A100A45F6D /* Frameworks */ = {
			isa = PBXFrameworksBuildPhase;
			buildActionMask = 2147483647;
			files = (
			);
			runOnlyForDeploymentPostprocessing = 0;
		};
/* End PBXFrameworksBuildPhase section */

/* Begin PBXGroup section */
		CC8BFD142C2D75A000A45F6D = {
			isa = PBXGroup;
			children = (
				CC8BFD1F2C2D75A000A45F6D /* Landmarks */,
				CC8BFD302C2D75A100A45F6D /* LandmarksTests */,
				CC8BFD3A2C2D75A100A45F6D /* LandmarksUITests */,
				CC8BFD1E2C2D75A000A45F6D /* Products */,
			);
			sourceTree = "<group>";
		};
		CC8BFD1E2C2D75A000A45F6D /* Products */ = {
			isa = PBXGroup;
			children = (
				CC8BFD1D2C2D75A000A45F6D /* Landmarks.app */,
				CC8BFD2D2C2D75A100A45F6D /* LandmarksTests.xctest */,
				CC8BFD372C2D75A100A45F6D /* LandmarksUITests.xctest */,
			);
			name = Products;
			sourceTree = "<group>";
		};
		CC8BFD1F2C2D75A000A45F6D /* Landmarks */ = {
			isa = PBXGroup;
			children = (
				CC8BFD242C2D75A100A45F6D /* Assets.xcassets */,
				CC8BFD202C2D75A000A45F6D /* LandmarksApp.swift */,
				CCD536F92C32D2C300DD80A2 /* Models */,
				CC8BFD262C2D75A100A45F6D /* Preview Content */,
				CCD536FA2C32D2CC00DD80A2 /* Resources */,
				CCD536F82C32D25A00DD80A2 /* Views */,
			);
			path = Landmarks;
			sourceTree = "<group>";
		};
		CC8BFD262C2D75A100A45F6D /* Preview Content */ = {
			isa = PBXGroup;
			children = (
				CC8BFD272C2D75A100A45F6D /* Preview Assets.xcassets */,
			);
			path = "Preview Content";
			sourceTree = "<group>";
		};
		CC8BFD302C2D75A100A45F6D /* LandmarksTests */ = {
			isa = PBXGroup;
			children = (
				CC8BFD312C2D75A100A45F6D /* LandmarksTests.swift */,
			);
			path = LandmarksTests;
			sourceTree = "<group>";
		};
		CC8BFD3A2C2D75A100A45F6D /* LandmarksUITests */ = {
			isa = PBXGroup;
			children = (
				CC8BFD3B2C2D75A100A45F6D /* LandmarksUITests.swift */,
				CC8BFD3D2C2D75A100A45F6D /* LandmarksUITestsLaunchTests.swift */,
			);
			path = LandmarksUITests;
			sourceTree = "<group>";
		};
		CC95251E2C341AB800F8A5CE /* Landmark */ = {
			isa = PBXGroup;
			children = (
				CCD536FB2C32D4F800DD80A2 /* LandmarkRow.swift */,
				CC9525182C33EB2300F8A5CE /* LandmarkList.swift */,
				CC95251A2C33EEA900F8A5CE /* LandmarkDetail.swift */,
			);
			path = Landmark;
			sourceTree = "<group>";
		};
		CCD536F82C32D25A00DD80A2 /* Views */ = {
			isa = PBXGroup;
			children = (
				CCF2F9312C3549D30051108C /* Categories */,
				CCF2F92C2C353F1F0051108C /* Hikes */,
				CCF2F9232C353A150051108C /* Badge */,
				CC95251E2C341AB800F8A5CE /* Landmark */,
				CC95251C2C34191B00F8A5CE /* FavoriteButton.swift */,
				CC8BFD222C2D75A000A45F6D /* ContentView.swift */,
				CCD536EC2C32A50A00DD80A2 /* CircleImage.swift */,
				CCD536EE2C32A7C300DD80A2 /* MapView.swift */,
			);
			path = Views;
			sourceTree = "<group>";
		};
		CCD536F92C32D2C300DD80A2 /* Models */ = {
			isa = PBXGroup;
			children = (
				CCF2F9262C353EA00051108C /* Hike.swift */,
				CCD536F42C32CA1E00DD80A2 /* Landmark.swift */,
				CCD536F62C32CEEE00DD80A2 /* ModelData.swift */,
			);
			path = Models;
			sourceTree = "<group>";
		};
		CCD536FA2C32D2CC00DD80A2 /* Resources */ = {
			isa = PBXGroup;
			children = (
				CCF2F9242C353E730051108C /* hikeData.json */,
				CCD536F22C32C9F800DD80A2 /* landmarkData.json */,
			);
			path = Resources;
			sourceTree = "<group>";
		};
		CCF2F9232C353A150051108C /* Badge */ = {
			isa = PBXGroup;
			children = (
				CCF2F91D2C3539070051108C /* Badge.swift */,
				CCF2F91E2C3539070051108C /* BadgeSymbol.swift */,
				CCF2F91F2C3539070051108C /* HexagonParameters.swift */,
				CC9525252C35356700F8A5CE /* RotatedBadgeSymbol.swift */,
				CC9525212C352A9000F8A5CE /* BadgeBackground.swift */,
			);
			path = Badge;
			sourceTree = "<group>";
		};
		CCF2F92C2C353F1F0051108C /* Hikes */ = {
			isa = PBXGroup;
			children = (
				CCF2F9282C353F1F0051108C /* GraphCapsule.swift */,
				CCF2F9292C353F1F0051108C /* HikeDetail.swift */,
				CCF2F92A2C353F1F0051108C /* HikeGraph.swift */,
				CCF2F92B2C353F1F0051108C /* HikeView.swift */,
			);
			path = Hikes;
			sourceTree = "<group>";
		};
		CCF2F9312C3549D30051108C /* Categories */ = {
			isa = PBXGroup;
			children = (
				CCF2F9322C3549EE0051108C /* CategoryHome.swift */,
				CCF2F9342C354C3F0051108C /* CategoryRow.swift */,
				CCF2F9362C354DFF0051108C /* CategoryItem.swift */,
			);
			path = Categories;
			sourceTree = "<group>";
		};
/* End PBXGroup section */

/* Begin PBXNativeTarget section */
		CC8BFD1C2C2D75A000A45F6D /* Landmarks */ = {
			isa = PBXNativeTarget;
			buildConfigurationList = CC8BFD412C2D75A100A45F6D /* Build configuration list for PBXNativeTarget "Landmarks" */;
			buildPhases = (
				CC8BFD192C2D75A000A45F6D /* Sources */,
				CC8BFD1A2C2D75A000A45F6D /* Frameworks */,
				CC8BFD1B2C2D75A000A45F6D /* Resources */,
			);
			buildRules = (
			);
			dependencies = (
			);
			name = Landmarks;
			productName = Landmarks;
			productReference = CC8BFD1D2C2D75A000A45F6D /* Landmarks.app */;
			productType = "com.apple.product-type.application";
		};
		CC8BFD2C2C2D75A100A45F6D /* LandmarksTests */ = {
			isa = PBXNativeTarget;
			buildConfigurationList = CC8BFD442C2D75A100A45F6D /* Build configuration list for PBXNativeTarget "LandmarksTests" */;
			buildPhases = (
				CC8BFD292C2D75A100A45F6D /* Sources */,
				CC8BFD2A2C2D75A100A45F6D /* Frameworks */,
				CC8BFD2B2C2D75A100A45F6D /* Resources */,
			);
			buildRules = (
			);
			dependencies = (
				CC8BFD2F2C2D75A100A45F6D /* PBXTargetDependency */,
			);
			name = LandmarksTests;
			productName = LandmarksTests;
			productReference = CC8BFD2D2C2D75A100A45F6D /* LandmarksTests.xctest */;
			productType = "com.apple.product-type.bundle.unit-test";
		};
		CC8BFD362C2D75A100A45F6D /* LandmarksUITests */ = {
			isa = PBXNativeTarget;
			buildConfigurationList = CC8BFD472C2D75A100A45F6D /* Build configuration list for PBXNativeTarget "LandmarksUITests" */;
			buildPhases = (
				CC8BFD332C2D75A100A45F6D /* Sources */,
				CC8BFD342C2D75A100A45F6D /* Frameworks */,
				CC8BFD352C2D75A100A45F6D /* Resources */,
			);
			buildRules = (
			);
			dependencies = (
				CC8BFD392C2D75A100A45F6D /* PBXTargetDependency */,
			);
			name = LandmarksUITests;
			productName = LandmarksUITests;
			productReference = CC8BFD372C2D75A100A45F6D /* LandmarksUITests.xctest */;
			productType = "com.apple.product-type.bundle.ui-testing";
		};
/* End PBXNativeTarget section */

/* Begin PBXProject section */
		CC8BFD152C2D75A000A45F6D /* Project object */ = {
			isa = PBXProject;
			attributes = {
				BuildIndependentTargetsInParallel = 1;
				LastSwiftUpdateCheck = 1540;
				LastUpgradeCheck = 1540;
				TargetAttributes = {
					CC8BFD1C2C2D75A000A45F6D = {
						CreatedOnToolsVersion = 15.4;
					};
					CC8BFD2C2C2D75A100A45F6D = {
						CreatedOnToolsVersion = 15.4;
						TestTargetID = CC8BFD1C2C2D75A000A45F6D;
					};
					CC8BFD362C2D75A100A45F6D = {
						CreatedOnToolsVersion = 15.4;
						TestTargetID = CC8BFD1C2C2D75A000A45F6D;
					};
				};
			};
			buildConfigurationList = CC8BFD182C2D75A000A45F6D /* Build configuration list for PBXProject "Landmarks" */;
			compatibilityVersion = "Xcode 14.0";
			developmentRegion = en;
			hasScannedForEncodings = 0;
			knownRegions = (
				en,
				Base,
			);
			mainGroup = CC8BFD142C2D75A000A45F6D;
			productRefGroup = CC8BFD1E2C2D75A000A45F6D /* Products */;
			projectDirPath = "";
			projectRoot = "";
			targets = (
				CC8BFD1C2C2D75A000A45F6D /* Landmarks */,
				CC8BFD2C2C2D75A100A45F6D /* LandmarksTests */,
				CC8BFD362C2D75A100A45F6D /* LandmarksUITests */,
			);
		};
/* End PBXProject section */

/* Begin PBXResourcesBuildPhase section */
		CC8BFD1B2C2D75A000A45F6D /* Resources */ = {
			isa = PBXResourcesBuildPhase;
			buildActionMask = 2147483647;
			files = (
				CCF2F9252C353E730051108C /* hikeData.json in Resources */,
				CC8BFD282C2D75A100A45F6D /* Preview Assets.xcassets in Resources */,
				CC8BFD252C2D75A100A45F6D /* Assets.xcassets in Resources */,
				CCD536F32C32C9F800DD80A2 /* landmarkData.json in Resources */,
			);
			runOnlyForDeploymentPostprocessing = 0;
		};
		CC8BFD2B2C2D75A100A45F6D /* Resources */ = {
			isa = PBXResourcesBuildPhase;
			buildActionMask = 2147483647;
			files = (
			);
			runOnlyForDeploymentPostprocessing = 0;
		};
		CC8BFD352C2D75A100A45F6D /* Resources */ = {
			isa = PBXResourcesBuildPhase;
			buildActionMask = 2147483647;
			files = (
			);
			runOnlyForDeploymentPostprocessing = 0;
		};
/* End PBXResourcesBuildPhase section */

/* Begin PBXSourcesBuildPhase section */
		CC8BFD192C2D75A000A45F6D /* Sources */ = {
			isa = PBXSourcesBuildPhase;
			buildActionMask = 2147483647;
			files = (
				CCF2F9352C354C3F0051108C /* CategoryRow.swift in Sources */,
				CC8BFD232C2D75A000A45F6D /* ContentView.swift in Sources */,
				CCF2F9332C3549EE0051108C /* CategoryHome.swift in Sources */,
				CCD536EF2C32A7C300DD80A2 /* MapView.swift in Sources */,
				CC8BFD212C2D75A000A45F6D /* LandmarksApp.swift in Sources */,
				CCF2F92D2C353F1F0051108C /* GraphCapsule.swift in Sources */,
				CCF2F92F2C353F1F0051108C /* HikeGraph.swift in Sources */,
				CC95251D2C34191B00F8A5CE /* FavoriteButton.swift in Sources */,
				CC9525262C35356700F8A5CE /* RotatedBadgeSymbol.swift in Sources */,
				CCF2F9372C354DFF0051108C /* CategoryItem.swift in Sources */,
				CCF2F9212C3539070051108C /* BadgeSymbol.swift in Sources */,
				CCF2F9272C353EA00051108C /* Hike.swift in Sources */,
				CC9525192C33EB2300F8A5CE /* LandmarkList.swift in Sources */,
				CCF2F9202C3539070051108C /* Badge.swift in Sources */,
				CC95251B2C33EEA900F8A5CE /* LandmarkDetail.swift in Sources */,
				CCF2F92E2C353F1F0051108C /* HikeDetail.swift in Sources */,
				CCF2F9302C353F1F0051108C /* HikeView.swift in Sources */,
				CCF2F9222C3539070051108C /* HexagonParameters.swift in Sources */,
				CC9525222C352A9000F8A5CE /* BadgeBackground.swift in Sources */,
				CCD536ED2C32A50A00DD80A2 /* CircleImage.swift in Sources */,
				CCD536F52C32CA1E00DD80A2 /* Landmark.swift in Sources */,
				CCD536FC2C32D4F800DD80A2 /* LandmarkRow.swift in Sources */,
				CCD536F72C32CEEE00DD80A2 /* ModelData.swift in Sources */,
			);
			runOnlyForDeploymentPostprocessing = 0;
		};
		CC8BFD292C2D75A100A45F6D /* Sources */ = {
			isa = PBXSourcesBuildPhase;
			buildActionMask = 2147483647;
			files = (
				CC8BFD322C2D75A100A45F6D /* LandmarksTests.swift in Sources */,
			);
			runOnlyForDeploymentPostprocessing = 0;
		};
		CC8BFD332C2D75A100A45F6D /* Sources */ = {
			isa = PBXSourcesBuildPhase;
			buildActionMask = 2147483647;
			files = (
				CC8BFD3E2C2D75A100A45F6D /* LandmarksUITestsLaunchTests.swift in Sources */,
				CC8BFD3C2C2D75A100A45F6D /* LandmarksUITests.swift in Sources */,
			);
			runOnlyForDeploymentPostprocessing = 0;
		};
/* End PBXSourcesBuildPhase section */

/* Begin PBXTargetDependency section */
		CC8BFD2F2C2D75A100A45F6D /* PBXTargetDependency */ = {
			isa = PBXTargetDependency;
			target = CC8BFD1C2C2D75A000A45F6D /* Landmarks */;
			targetProxy = CC8BFD2E2C2D75A100A45F6D /* PBXContainerItemProxy */;
		};
		CC8BFD392C2D75A100A45F6D /* PBXTargetDependency */ = {
			isa = PBXTargetDependency;
			target = CC8BFD1C2C2D75A000A45F6D /* Landmarks */;
			targetProxy = CC8BFD382C2D75A100A45F6D /* PBXContainerItemProxy */;
		};
/* End PBXTargetDependency section */

/* Begin XCBuildConfiguration section */
		CC8BFD3F2C2D75A100A45F6D /* Debug */ = {
			isa = XCBuildConfiguration;
			buildSettings = {
				ALWAYS_SEARCH_USER_PATHS = NO;
				ASSETCATALOG_COMPILER_GENERATE_SWIFT_ASSET_SYMBOL_EXTENSIONS = YES;
				CLANG_ANALYZER_NONNULL = YES;
				CLANG_ANALYZER_NUMBER_OBJECT_CONVERSION = YES_AGGRESSIVE;
				CLANG_CXX_LANGUAGE_STANDARD = "gnu++20";
				CLANG_ENABLE_MODULES = YES;
				CLANG_ENABLE_OBJC_ARC = YES;
				CLANG_ENABLE_OBJC_WEAK = YES;
				CLANG_WARN_BLOCK_CAPTURE_AUTORELEASING = YES;
				CLANG_WARN_BOOL_CONVERSION = YES;
				CLANG_WARN_COMMA = YES;
				CLANG_WARN_CONSTANT_CONVERSION = YES;
				CLANG_WARN_DEPRECATED_OBJC_IMPLEMENTATIONS = YES;
				CLANG_WARN_DIRECT_OBJC_ISA_USAGE = YES_ERROR;
				CLANG_WARN_DOCUMENTATION_COMMENTS = YES;
				CLANG_WARN_EMPTY_BODY = YES;
				CLANG_WARN_ENUM_CONVERSION = YES;
				CLANG_WARN_INFINITE_RECURSION = YES;
				CLANG_WARN_INT_CONVERSION = YES;
				CLANG_WARN_NON_LITERAL_NULL_CONVERSION = YES;
				CLANG_WARN_OBJC_IMPLICIT_RETAIN_SELF = YES;
				CLANG_WARN_OBJC_LITERAL_CONVERSION = YES;
				CLANG_WARN_OBJC_ROOT_CLASS = YES_ERROR;
				CLANG_WARN_QUOTED_INCLUDE_IN_FRAMEWORK_HEADER = YES;
				CLANG_WARN_RANGE_LOOP_ANALYSIS = YES;
				CLANG_WARN_STRICT_PROTOTYPES = YES;
				CLANG_WARN_SUSPICIOUS_MOVE = YES;
				CLANG_WARN_UNGUARDED_AVAILABILITY = YES_AGGRESSIVE;
				CLANG_WARN_UNREACHABLE_CODE = YES;
				CLANG_WARN__DUPLICATE_METHOD_MATCH = YES;
				COPY_PHASE_STRIP = NO;
				DEBUG_INFORMATION_FORMAT = dwarf;
				ENABLE_STRICT_OBJC_MSGSEND = YES;
				ENABLE_TESTABILITY = YES;
				ENABLE_USER_SCRIPT_SANDBOXING = YES;
				GCC_C_LANGUAGE_STANDARD = gnu17;
				GCC_DYNAMIC_NO_PIC = NO;
				GCC_NO_COMMON_BLOCKS = YES;
				GCC_OPTIMIZATION_LEVEL = 0;
				GCC_PREPROCESSOR_DEFINITIONS = (
					"DEBUG=1",
					"$(inherited)",
				);
				GCC_WARN_64_TO_32_BIT_CONVERSION = YES;
				GCC_WARN_ABOUT_RETURN_TYPE = YES_ERROR;
				GCC_WARN_UNDECLARED_SELECTOR = YES;
				GCC_WARN_UNINITIALIZED_AUTOS = YES_AGGRESSIVE;
				GCC_WARN_UNUSED_FUNCTION = YES;
				GCC_WARN_UNUSED_VARIABLE = YES;
				IPHONEOS_DEPLOYMENT_TARGET = 17.5;
				LOCALIZATION_PREFERS_STRING_CATALOGS = YES;
				MTL_ENABLE_DEBUG_INFO = INCLUDE_SOURCE;
				MTL_FAST_MATH = YES;
				ONLY_ACTIVE_ARCH = YES;
				SDKROOT = iphoneos;
				SWIFT_ACTIVE_COMPILATION_CONDITIONS = "DEBUG $(inherited)";
				SWIFT_OPTIMIZATION_LEVEL = "-Onone";
			};
			name = Debug;
		};
		CC8BFD402C2D75A100A45F6D /* Release */ = {
			isa = XCBuildConfiguration;
			buildSettings = {
				ALWAYS_SEARCH_USER_PATHS = NO;
				ASSETCATALOG_COMPILER_GENERATE_SWIFT_ASSET_SYMBOL_EXTENSIONS = YES;
				CLANG_ANALYZER_NONNULL = YES;
				CLANG_ANALYZER_NUMBER_OBJECT_CONVERSION = YES_AGGRESSIVE;
				CLANG_CXX_LANGUAGE_STANDARD = "gnu++20";
				CLANG_ENABLE_MODULES = YES;
				CLANG_ENABLE_OBJC_ARC = YES;
				CLANG_ENABLE_OBJC_WEAK = YES;
				CLANG_WARN_BLOCK_CAPTURE_AUTORELEASING = YES;
				CLANG_WARN_BOOL_CONVERSION = YES;
				CLANG_WARN_COMMA = YES;
				CLANG_WARN_CONSTANT_CONVERSION = YES;
				CLANG_WARN_DEPRECATED_OBJC_IMPLEMENTATIONS = YES;
				CLANG_WARN_DIRECT_OBJC_ISA_USAGE = YES_ERROR;
				CLANG_WARN_DOCUMENTATION_COMMENTS = YES;
				CLANG_WARN_EMPTY_BODY = YES;
				CLANG_WARN_ENUM_CONVERSION = YES;
				CLANG_WARN_INFINITE_RECURSION = YES;
				CLANG_WARN_INT_CONVERSION = YES;
				CLANG_WARN_NON_LITERAL_NULL_CONVERSION = YES;
				CLANG_WARN_OBJC_IMPLICIT_RETAIN_SELF = YES;
				CLANG_WARN_OBJC_LITERAL_CONVERSION = YES;
				CLANG_WARN_OBJC_ROOT_CLASS = YES_ERROR;
				CLANG_WARN_QUOTED_INCLUDE_IN_FRAMEWORK_HEADER = YES;
				CLANG_WARN_RANGE_LOOP_ANALYSIS = YES;
				CLANG_WARN_STRICT_PROTOTYPES = YES;
				CLANG_WARN_SUSPICIOUS_MOVE = YES;
				CLANG_WARN_UNGUARDED_AVAILABILITY = YES_AGGRESSIVE;
				CLANG_WARN_UNREACHABLE_CODE = YES;
				CLANG_WARN__DUPLICATE_METHOD_MATCH = YES;
				COPY_PHASE_STRIP = NO;
				DEBUG_INFORMATION_FORMAT = "dwarf-with-dsym";
				ENABLE_NS_ASSERTIONS = NO;
				ENABLE_STRICT_OBJC_MSGSEND = YES;
				ENABLE_USER_SCRIPT_SANDBOXING = YES;
				GCC_C_LANGUAGE_STANDARD = gnu17;
				GCC_NO_COMMON_BLOCKS = YES;
				GCC_WARN_64_TO_32_BIT_CONVERSION = YES;
				GCC_WARN_ABOUT_RETURN_TYPE = YES_ERROR;
				GCC_WARN_UNDECLARED_SELECTOR = YES;
				GCC_WARN_UNINITIALIZED_AUTOS = YES_AGGRESSIVE;
				GCC_WARN_UNUSED_FUNCTION = YES;
				GCC_WARN_UNUSED_VARIABLE = YES;
				IPHONEOS_DEPLOYMENT_TARGET = 17.5;
				LOCALIZATION_PREFERS_STRING_CATALOGS = YES;
				MTL_ENABLE_DEBUG_INFO = NO;
				MTL_FAST_MATH = YES;
				SDKROOT = iphoneos;
				SWIFT_COMPILATION_MODE = wholemodule;
				VALIDATE_PRODUCT = YES;
			};
			name = Release;
		};
		CC8BFD422C2D75A100A45F6D /* Debug */ = {
			isa = XCBuildConfiguration;
			buildSettings = {
				ASSETCATALOG_COMPILER_APPICON_NAME = AppIcon;
				ASSETCATALOG_COMPILER_GLOBAL_ACCENT_COLOR_NAME = AccentColor;
				CODE_SIGN_STYLE = Automatic;
				CURRENT_PROJECT_VERSION = 1;
				DEVELOPMENT_ASSET_PATHS = "\"Landmarks/Preview Content\"";
				DEVELOPMENT_TEAM = 938SKSW69G;
				ENABLE_PREVIEWS = YES;
				GENERATE_INFOPLIST_FILE = YES;
				INFOPLIST_KEY_UIApplicationSceneManifest_Generation = YES;
				INFOPLIST_KEY_UIApplicationSupportsIndirectInputEvents = YES;
				INFOPLIST_KEY_UILaunchScreen_Generation = YES;
				INFOPLIST_KEY_UISupportedInterfaceOrientations_iPad = "UIInterfaceOrientationPortrait UIInterfaceOrientationPortraitUpsideDown UIInterfaceOrientationLandscapeLeft UIInterfaceOrientationLandscapeRight";
				INFOPLIST_KEY_UISupportedInterfaceOrientations_iPhone = "UIInterfaceOrientationPortrait UIInterfaceOrientationLandscapeLeft UIInterfaceOrientationLandscapeRight";
				LD_RUNPATH_SEARCH_PATHS = (
					"$(inherited)",
					"@executable_path/Frameworks",
				);
				MARKETING_VERSION = 1.0;
				PRODUCT_BUNDLE_IDENTIFIER = dev.knutvalen.Landmarks;
				PRODUCT_NAME = "$(TARGET_NAME)";
				SWIFT_EMIT_LOC_STRINGS = YES;
				SWIFT_VERSION = 5.0;
				TARGETED_DEVICE_FAMILY = "1,2";
			};
			name = Debug;
		};
		CC8BFD432C2D75A100A45F6D /* Release */ = {
			isa = XCBuildConfiguration;
			buildSettings = {
				ASSETCATALOG_COMPILER_APPICON_NAME = AppIcon;
				ASSETCATALOG_COMPILER_GLOBAL_ACCENT_COLOR_NAME = AccentColor;
				CODE_SIGN_STYLE = Automatic;
				CURRENT_PROJECT_VERSION = 1;
				DEVELOPMENT_ASSET_PATHS = "\"Landmarks/Preview Content\"";
				DEVELOPMENT_TEAM = 938SKSW69G;
				ENABLE_PREVIEWS = YES;
				GENERATE_INFOPLIST_FILE = YES;
				INFOPLIST_KEY_UIApplicationSceneManifest_Generation = YES;
				INFOPLIST_KEY_UIApplicationSupportsIndirectInputEvents = YES;
				INFOPLIST_KEY_UILaunchScreen_Generation = YES;
				INFOPLIST_KEY_UISupportedInterfaceOrientations_iPad = "UIInterfaceOrientationPortrait UIInterfaceOrientationPortraitUpsideDown UIInterfaceOrientationLandscapeLeft UIInterfaceOrientationLandscapeRight";
				INFOPLIST_KEY_UISupportedInterfaceOrientations_iPhone = "UIInterfaceOrientationPortrait UIInterfaceOrientationLandscapeLeft UIInterfaceOrientationLandscapeRight";
				LD_RUNPATH_SEARCH_PATHS = (
					"$(inherited)",
					"@executable_path/Frameworks",
				);
				MARKETING_VERSION = 1.0;
				PRODUCT_BUNDLE_IDENTIFIER = dev.knutvalen.Landmarks;
				PRODUCT_NAME = "$(TARGET_NAME)";
				SWIFT_EMIT_LOC_STRINGS = YES;
				SWIFT_VERSION = 5.0;
				TARGETED_DEVICE_FAMILY = "1,2";
			};
			name = Release;
		};
		CC8BFD452C2D75A100A45F6D /* Debug */ = {
			isa = XCBuildConfiguration;
			buildSettings = {
				ALWAYS_EMBED_SWIFT_STANDARD_LIBRARIES = YES;
				BUNDLE_LOADER = "$(TEST_HOST)";
				CODE_SIGN_STYLE = Automatic;
				CURRENT_PROJECT_VERSION = 1;
				DEVELOPMENT_TEAM = 938SKSW69G;
				GENERATE_INFOPLIST_FILE = YES;
				IPHONEOS_DEPLOYMENT_TARGET = 17.5;
				MARKETING_VERSION = 1.0;
				PRODUCT_BUNDLE_IDENTIFIER = dev.knutvalen.LandmarksTests;
				PRODUCT_NAME = "$(TARGET_NAME)";
				SWIFT_EMIT_LOC_STRINGS = NO;
				SWIFT_VERSION = 5.0;
				TARGETED_DEVICE_FAMILY = "1,2";
				TEST_HOST = "$(BUILT_PRODUCTS_DIR)/Landmarks.app/$(BUNDLE_EXECUTABLE_FOLDER_PATH)/Landmarks";
			};
			name = Debug;
		};
		CC8BFD462C2D75A100A45F6D /* Release */ = {
			isa = XCBuildConfiguration;
			buildSettings = {
				ALWAYS_EMBED_SWIFT_STANDARD_LIBRARIES = YES;
				BUNDLE_LOADER = "$(TEST_HOST)";
				CODE_SIGN_STYLE = Automatic;
				CURRENT_PROJECT_VERSION = 1;
				DEVELOPMENT_TEAM = 938SKSW69G;
				GENERATE_INFOPLIST_FILE = YES;
				IPHONEOS_DEPLOYMENT_TARGET = 17.5;
				MARKETING_VERSION = 1.0;
				PRODUCT_BUNDLE_IDENTIFIER = dev.knutvalen.LandmarksTests;
				PRODUCT_NAME = "$(TARGET_NAME)";
				SWIFT_EMIT_LOC_STRINGS = NO;
				SWIFT_VERSION = 5.0;
				TARGETED_DEVICE_FAMILY = "1,2";
				TEST_HOST = "$(BUILT_PRODUCTS_DIR)/Landmarks.app/$(BUNDLE_EXECUTABLE_FOLDER_PATH)/Landmarks";
			};
			name = Release;
		};
		CC8BFD482C2D75A100A45F6D /* Debug */ = {
			isa = XCBuildConfiguration;
			buildSettings = {
				ALWAYS_EMBED_SWIFT_STANDARD_LIBRARIES = YES;
				CODE_SIGN_STYLE = Automatic;
				CURRENT_PROJECT_VERSION = 1;
				DEVELOPMENT_TEAM = 938SKSW69G;
				GENERATE_INFOPLIST_FILE = YES;
				MARKETING_VERSION = 1.0;
				PRODUCT_BUNDLE_IDENTIFIER = dev.knutvalen.LandmarksUITests;
				PRODUCT_NAME = "$(TARGET_NAME)";
				SWIFT_EMIT_LOC_STRINGS = NO;
				SWIFT_VERSION = 5.0;
				TARGETED_DEVICE_FAMILY = "1,2";
				TEST_TARGET_NAME = Landmarks;
			};
			name = Debug;
		};
		CC8BFD492C2D75A100A45F6D /* Release */ = {
			isa = XCBuildConfiguration;
			buildSettings = {
				ALWAYS_EMBED_SWIFT_STANDARD_LIBRARIES = YES;
				CODE_SIGN_STYLE = Automatic;
				CURRENT_PROJECT_VERSION = 1;
				DEVELOPMENT_TEAM = 938SKSW69G;
				GENERATE_INFOPLIST_FILE = YES;
				MARKETING_VERSION = 1.0;
				PRODUCT_BUNDLE_IDENTIFIER = dev.knutvalen.LandmarksUITests;
				PRODUCT_NAME = "$(TARGET_NAME)";
				SWIFT_EMIT_LOC_STRINGS = NO;
				SWIFT_VERSION = 5.0;
				TARGETED_DEVICE_FAMILY = "1,2";
				TEST_TARGET_NAME = Landmarks;
			};
			name = Release;
		};
/* End XCBuildConfiguration section */

/* Begin XCConfigurationList section */
		CC8BFD182C2D75A000A45F6D /* Build configuration list for PBXProject "Landmarks" */ = {
			isa = XCConfigurationList;
			buildConfigurations = (
				CC8BFD3F2C2D75A100A45F6D /* Debug */,
				CC8BFD402C2D75A100A45F6D /* Release */,
			);
			defaultConfigurationIsVisible = 0;
			defaultConfigurationName = Release;
		};
		CC8BFD412C2D75A100A45F6D /* Build configuration list for PBXNativeTarget "Landmarks" */ = {
			isa = XCConfigurationList;
			buildConfigurations = (
				CC8BFD422C2D75A100A45F6D /* Debug */,
				CC8BFD432C2D75A100A45F6D /* Release */,
			);
			defaultConfigurationIsVisible = 0;
			defaultConfigurationName = Release;
		};
		CC8BFD442C2D75A100A45F6D /* Build configuration list for PBXNativeTarget "LandmarksTests" */ = {
			isa = XCConfigurationList;
			buildConfigurations = (
				CC8BFD452C2D75A100A45F6D /* Debug */,
				CC8BFD462C2D75A100A45F6D /* Release */,
			);
			defaultConfigurationIsVisible = 0;
			defaultConfigurationName = Release;
		};
		CC8BFD472C2D75A100A45F6D /* Build configuration list for PBXNativeTarget "LandmarksUITests" */ = {
			isa = XCConfigurationList;
			buildConfigurations = (
				CC8BFD482C2D75A100A45F6D /* Debug */,
				CC8BFD492C2D75A100A45F6D /* Release */,
			);
			defaultConfigurationIsVisible = 0;
			defaultConfigurationName = Release;
		};
/* End XCConfigurationList section */
	};
	rootObject = CC8BFD152C2D75A000A45F6D /* Project object */;
}
